# This is a Gradle generated file for dependency locking.
# Manual edits can break the build and are not advised.
# This file is expected to be part of source control.
commons-cli:commons-cli:1.5.0=ratDeps
commons-io:commons-io:2.11.0=ratDeps
junit:junit:3.8.1=javacc
net.java.dev.javacc:javacc:7.0.12=javacc
org.apache.commons:commons-collections4:4.4=ratDeps
org.apache.commons:commons-compress:1.21=ratDeps
org.apache.commons:commons-lang3:3.12.0=ratDeps
org.apache.rat:apache-rat-api:0.15=ratDeps
org.apache.rat:apache-rat-core:0.15=ratDeps
org.apache.rat:apache-rat-tasks:0.15=ratDeps
org.apache.rat:apache-rat:0.15=ratDeps
org.eclipse.jdt:ecj:3.39.0=ecjDeps
empty=
