# This is a Gradle generated file for dependency locking.
# Manual edits can break the build and are not advised.
# This file is expected to be part of source control.
commons-beanutils:commons-beanutils:1.9.4=ratDeps
commons-cli:commons-cli:1.6.0=ratDeps
commons-collections:commons-collections:3.2.2=ratDeps
commons-io:commons-io:2.15.1=ratDeps
commons-logging:commons-logging:1.2=ratDeps
junit:junit:3.8.1=javacc
net.java.dev.javacc:javacc:7.0.13=javacc
org.apache.commons:commons-collections4:4.4=ratDeps
org.apache.commons:commons-compress:1.25.0=ratDeps
org.apache.commons:commons-lang3:3.14.0=ratDeps
org.apache.rat:apache-rat-core:0.16.1=ratDeps
org.apache.rat:apache-rat-tasks:0.16.1=ratDeps
org.apache.rat:apache-rat:0.16.1=ratDeps
org.eclipse.jdt:ecj:3.39.0=ecjDeps
empty=
