{
  "name": "solr",
  "lockfileVersion": 2,
  "requires": true,
  "packages": {
    "": {
      "dependencies": {
        "angular-ui-select": "^0.12.100",
        "angular-ui-sortable": "^0.19.0",
        "angularjs-dropdown-multiselect": "^2.0.0-beta.10",
        "lodash": "^4.17.21",
        "ng-multiselect-dropdown": "^0.3.8",
        "on-select": "^1.1.0"
      }
    },
    "node_modules/@angular/common": {
      "version": "13.2.5",
      "resolved": "https://registry.npmjs.org/@angular/common/-/common-13.2.5.tgz",
      "integrity": "sha512-px2qZP8Fd2qYbCVWmgLmop2OBQ/LKU2Oq8U/La2EEo8kgVuNWNTxmIh826cgZK/v9VQw8b/EoU7PeEjSWz0Zow==",
      "peer": true,
      "dependencies": {
        "tslib": "^2.3.0"
      },
      "engines": {
        "node": "^12.20.0 || ^14.15.0 || >=16.10.0"
      },
      "peerDependencies": {
        "@angular/core": "13.2.5",
        "rxjs": "^6.5.3 || ^7.4.0"
      }
    },
    "node_modules/@angular/core": {
      "version": "13.2.5",
      "resolved": "https://registry.npmjs.org/@angular/core/-/core-13.2.5.tgz",
      "integrity": "sha512-4CC69JQbgyETJR6xsQk6hOQqb6fBGZ/Qc333x0hwRDBbGnYE6hQehDibV+Apljea8YjV+NX6VmyOvPvHhtL4PQ==",
      "peer": true,
      "dependencies": {
        "tslib": "^2.3.0"
      },
      "engines": {
        "node": "^12.20.0 || ^14.15.0 || >=16.10.0"
      },
      "peerDependencies": {
        "rxjs": "^6.5.3 || ^7.4.0",
        "zone.js": "~0.11.4"
      }
    },
    "node_modules/angular": {
      "version": "1.8.2",
      "resolved": "https://registry.npmjs.org/angular/-/angular-1.8.2.tgz",
      "integrity": "sha512-IauMOej2xEe7/7Ennahkbb5qd/HFADiNuLSESz9Q27inmi32zB0lnAsFeLEWcox3Gd1F6YhNd1CP7/9IukJ0Gw=="
    },
    "node_modules/angular-ui-select": {
      "version": "0.12.100",
      "resolved": "https://registry.npmjs.org/angular-ui-select/-/angular-ui-select-0.12.100.tgz",
      "integrity": "sha1-g8uGnsr3o91ARjvKGOr+DYThuco=",
      "deprecated": "This is an unmaintained version. Please use the module 'ui-select'"
    },
    "node_modules/angular-ui-sortable": {
      "version": "0.19.0",
      "resolved": "https://registry.npmjs.org/angular-ui-sortable/-/angular-ui-sortable-0.19.0.tgz",
      "integrity": "sha512-u/uc981Nzg4XN1bMU9qKleMTSt7F1XjMWnyGw6gxPLIeQeLZm8jWNy7tj8y2r2HmvzXFbQVq2z6rObznFKAekQ==",
      "dependencies": {
        "angular": ">=1.2.x",
        "jquery": ">=3.1.x",
        "jquery-ui-dist": ">=1.12.x"
      }
    },
    "node_modules/angularjs-dropdown-multiselect": {
      "version": "2.0.0-beta.10",
      "resolved": "https://registry.npmjs.org/angularjs-dropdown-multiselect/-/angularjs-dropdown-multiselect-2.0.0-beta.10.tgz",
      "integrity": "sha1-/7R63w33M/PalM5JyE+PBdJHKl8=",
      "dependencies": {
        "angular": "~1"
      },
      "engines": {
        "node": ">=0.10.10"
      }
    },
    "node_modules/bmcmahen-modifier": {
      "version": "1.0.0",
      "resolved": "https://registry.npmjs.org/bmcmahen-modifier/-/bmcmahen-modifier-1.0.0.tgz",
      "integrity": "sha1-qHHrOtCve+ESqN5RzvakqFQSaEo="
    },
    "node_modules/component-event": {
      "version": "0.1.4",
      "resolved": "https://registry.npmjs.org/component-event/-/component-event-0.1.4.tgz",
      "integrity": "sha1-PeePwoeCOBeH4kvyp8U2vwFCybQ="
    },
    "node_modules/component-raf": {
      "version": "1.2.0",
      "resolved": "https://registry.npmjs.org/component-raf/-/component-raf-1.2.0.tgz",
      "integrity": "sha1-srxy1D8bAU/eeks8RHx2S8c8y6o="
    },
    "node_modules/jquery": {
      "version": "3.6.0",
      "resolved": "https://registry.npmjs.org/jquery/-/jquery-3.6.0.tgz",
      "integrity": "sha512-JVzAR/AjBvVt2BmYhxRCSYysDsPcssdmTFnzyLEts9qNwmjmu4JTAMYubEfwVOSwpQ1I1sKKFcxhZCI2buerfw=="
    },
    "node_modules/jquery-ui-dist": {
      "version": "1.13.1",
      "resolved": "https://registry.npmjs.org/jquery-ui-dist/-/jquery-ui-dist-1.13.1.tgz",
      "integrity": "sha512-Y711Pu4BRVrAlL58KSxX4ail74jaCJZaZcdNDLava+MgZeNwmVWmyYiK7KxyoJu1MB73eSunjJvYDbOuNrOA7w==",
      "dependencies": {
        "jquery": ">=1.8.0 <4.0.0"
      }
    },
    "node_modules/lodash": {
      "version": "4.17.21",
      "resolved": "https://registry.npmjs.org/lodash/-/lodash-4.17.21.tgz",
      "integrity": "sha512-v2kDEe57lecTulaDIuNTPy3Ry4gLGJ6Z1O3vE1krgXZNrsQ+LFTGHVxVjcXPs17LhbZVGedAJv8XZ1tvj5FvSg=="
    },
    "node_modules/ng-multiselect-dropdown": {
      "version": "0.3.8",
      "resolved": "https://registry.npmjs.org/ng-multiselect-dropdown/-/ng-multiselect-dropdown-0.3.8.tgz",
      "integrity": "sha512-b6WohT+ouGQfBqo+OpYPClJI25Qmj/nNWcyGUIMh2JCAHEpWEQRUVzHJB7pPVW+n5a/P26I/sLyOQekxfkW9aQ==",
      "dependencies": {
        "tslib": "^1.9.0"
      },
      "peerDependencies": {
        "@angular/common": ">=2.0.0",
        "@angular/core": ">=2.0.0"
      }
    },
    "node_modules/ng-multiselect-dropdown/node_modules/tslib": {
      "version": "1.14.1",
      "resolved": "https://registry.npmjs.org/tslib/-/tslib-1.14.1.tgz",
      "integrity": "sha512-Xni35NKzjgMrwevysHTCArtLDpPvye8zV/0E4EyYn43P7/7qvQwPh9BGkHewbMulVntbigmcT7rdX3BNo9wRJg=="
    },
    "node_modules/on-select": {
      "version": "1.1.0",
      "resolved": "https://registry.npmjs.org/on-select/-/on-select-1.1.0.tgz",
      "integrity": "sha1-6KWpNPkmXIGmmKLPCyhbPmPx2tA=",
      "dependencies": {
        "bmcmahen-modifier": "^1.0.0",
        "component-event": "^0.1.4",
        "component-raf": "^1.2.0"
      }
    },
    "node_modules/rxjs": {
      "version": "7.5.4",
      "resolved": "https://registry.npmjs.org/rxjs/-/rxjs-7.5.4.tgz",
      "integrity": "sha512-h5M3Hk78r6wAheJF0a5YahB1yRQKCsZ4MsGdZ5O9ETbVtjPcScGfrMmoOq7EBsCRzd4BDkvDJ7ogP8Sz5tTFiQ==",
      "peer": true,
      "dependencies": {
        "tslib": "^2.1.0"
      }
    },
    "node_modules/tslib": {
      "version": "2.3.1",
      "resolved": "https://registry.npmjs.org/tslib/-/tslib-2.3.1.tgz",
      "integrity": "sha512-77EbyPPpMz+FRFRuAFlWMtmgUWGe9UOG2Z25NqCwiIjRhOf5iKGuzSe5P2w1laq+FkRy4p+PCuVkJSGkzTEKVw==",
      "peer": true
    },
    "node_modules/zone.js": {
      "version": "0.11.5",
      "resolved": "https://registry.npmjs.org/zone.js/-/zone.js-0.11.5.tgz",
      "integrity": "sha512-D1/7VxEuQ7xk6z/kAROe4SUbd9CzxY4zOwVGnGHerd/SgLIVU5f4esDzQUsOCeArn933BZfWMKydH7l7dPEp0g==",
      "peer": true,
      "dependencies": {
        "tslib": "^2.3.0"
      }
    }
  },
  "dependencies": {
    "@angular/common": {
      "version": "13.2.5",
      "resolved": "https://registry.npmjs.org/@angular/common/-/common-13.2.5.tgz",
      "integrity": "sha512-px2qZP8Fd2qYbCVWmgLmop2OBQ/LKU2Oq8U/La2EEo8kgVuNWNTxmIh826cgZK/v9VQw8b/EoU7PeEjSWz0Zow==",
      "peer": true,
      "requires": {
        "tslib": "^2.3.0"
      }
    },
    "@angular/core": {
      "version": "13.2.5",
      "resolved": "https://registry.npmjs.org/@angular/core/-/core-13.2.5.tgz",
      "integrity": "sha512-4CC69JQbgyETJR6xsQk6hOQqb6fBGZ/Qc333x0hwRDBbGnYE6hQehDibV+Apljea8YjV+NX6VmyOvPvHhtL4PQ==",
      "peer": true,
      "requires": {
        "tslib": "^2.3.0"
      }
    },
    "angular": {
      "version": "1.8.2",
      "resolved": "https://registry.npmjs.org/angular/-/angular-1.8.2.tgz",
      "integrity": "sha512-IauMOej2xEe7/7Ennahkbb5qd/HFADiNuLSESz9Q27inmi32zB0lnAsFeLEWcox3Gd1F6YhNd1CP7/9IukJ0Gw=="
    },
    "angular-ui-select": {
      "version": "0.12.100",
      "resolved": "https://registry.npmjs.org/angular-ui-select/-/angular-ui-select-0.12.100.tgz",
      "integrity": "sha1-g8uGnsr3o91ARjvKGOr+DYThuco="
    },
    "angular-ui-sortable": {
      "version": "0.19.0",
      "resolved": "https://registry.npmjs.org/angular-ui-sortable/-/angular-ui-sortable-0.19.0.tgz",
      "integrity": "sha512-u/uc981Nzg4XN1bMU9qKleMTSt7F1XjMWnyGw6gxPLIeQeLZm8jWNy7tj8y2r2HmvzXFbQVq2z6rObznFKAekQ==",
      "requires": {
        "angular": ">=1.2.x",
        "jquery": ">=3.1.x",
        "jquery-ui-dist": ">=1.12.x"
      }
    },
    "angularjs-dropdown-multiselect": {
      "version": "2.0.0-beta.10",
      "resolved": "https://registry.npmjs.org/angularjs-dropdown-multiselect/-/angularjs-dropdown-multiselect-2.0.0-beta.10.tgz",
      "integrity": "sha1-/7R63w33M/PalM5JyE+PBdJHKl8=",
      "requires": {
        "angular": "~1"
      }
    },
    "bmcmahen-modifier": {
      "version": "1.0.0",
      "resolved": "https://registry.npmjs.org/bmcmahen-modifier/-/bmcmahen-modifier-1.0.0.tgz",
      "integrity": "sha1-qHHrOtCve+ESqN5RzvakqFQSaEo="
    },
    "component-event": {
      "version": "0.1.4",
      "resolved": "https://registry.npmjs.org/component-event/-/component-event-0.1.4.tgz",
      "integrity": "sha1-PeePwoeCOBeH4kvyp8U2vwFCybQ="
    },
    "component-raf": {
      "version": "1.2.0",
      "resolved": "https://registry.npmjs.org/component-raf/-/component-raf-1.2.0.tgz",
      "integrity": "sha1-srxy1D8bAU/eeks8RHx2S8c8y6o="
    },
    "jquery": {
      "version": "3.6.0",
      "resolved": "https://registry.npmjs.org/jquery/-/jquery-3.6.0.tgz",
      "integrity": "sha512-JVzAR/AjBvVt2BmYhxRCSYysDsPcssdmTFnzyLEts9qNwmjmu4JTAMYubEfwVOSwpQ1I1sKKFcxhZCI2buerfw=="
    },
    "jquery-ui-dist": {
      "version": "1.13.1",
      "resolved": "https://registry.npmjs.org/jquery-ui-dist/-/jquery-ui-dist-1.13.1.tgz",
      "integrity": "sha512-Y711Pu4BRVrAlL58KSxX4ail74jaCJZaZcdNDLava+MgZeNwmVWmyYiK7KxyoJu1MB73eSunjJvYDbOuNrOA7w==",
      "requires": {
        "jquery": ">=1.8.0 <4.0.0"
      }
    },
    "lodash": {
      "version": "4.17.21",
      "resolved": "https://registry.npmjs.org/lodash/-/lodash-4.17.21.tgz",
      "integrity": "sha512-v2kDEe57lecTulaDIuNTPy3Ry4gLGJ6Z1O3vE1krgXZNrsQ+LFTGHVxVjcXPs17LhbZVGedAJv8XZ1tvj5FvSg=="
    },
    "ng-multiselect-dropdown": {
      "version": "0.3.8",
      "resolved": "https://registry.npmjs.org/ng-multiselect-dropdown/-/ng-multiselect-dropdown-0.3.8.tgz",
      "integrity": "sha512-b6WohT+ouGQfBqo+OpYPClJI25Qmj/nNWcyGUIMh2JCAHEpWEQRUVzHJB7pPVW+n5a/P26I/sLyOQekxfkW9aQ==",
      "requires": {
        "tslib": "^1.9.0"
      },
      "dependencies": {
        "tslib": {
          "version": "1.14.1",
          "resolved": "https://registry.npmjs.org/tslib/-/tslib-1.14.1.tgz",
          "integrity": "sha512-Xni35NKzjgMrwevysHTCArtLDpPvye8zV/0E4EyYn43P7/7qvQwPh9BGkHewbMulVntbigmcT7rdX3BNo9wRJg=="
        }
      }
    },
    "on-select": {
      "version": "1.1.0",
      "resolved": "https://registry.npmjs.org/on-select/-/on-select-1.1.0.tgz",
      "integrity": "sha1-6KWpNPkmXIGmmKLPCyhbPmPx2tA=",
      "requires": {
        "bmcmahen-modifier": "^1.0.0",
        "component-event": "^0.1.4",
        "component-raf": "^1.2.0"
      }
    },
    "rxjs": {
      "version": "7.5.4",
      "resolved": "https://registry.npmjs.org/rxjs/-/rxjs-7.5.4.tgz",
      "integrity": "sha512-h5M3Hk78r6wAheJF0a5YahB1yRQKCsZ4MsGdZ5O9ETbVtjPcScGfrMmoOq7EBsCRzd4BDkvDJ7ogP8Sz5tTFiQ==",
      "peer": true,
      "requires": {
        "tslib": "^2.1.0"
      }
    },
    "tslib": {
      "version": "2.3.1",
      "resolved": "https://registry.npmjs.org/tslib/-/tslib-2.3.1.tgz",
      "integrity": "sha512-77EbyPPpMz+FRFRuAFlWMtmgUWGe9UOG2Z25NqCwiIjRhOf5iKGuzSe5P2w1laq+FkRy4p+PCuVkJSGkzTEKVw==",
      "peer": true
    },
    "zone.js": {
      "version": "0.11.5",
      "resolved": "https://registry.npmjs.org/zone.js/-/zone.js-0.11.5.tgz",
      "integrity": "sha512-D1/7VxEuQ7xk6z/kAROe4SUbd9CzxY4zOwVGnGHerd/SgLIVU5f4esDzQUsOCeArn933BZfWMKydH7l7dPEp0g==",
      "peer": true,
      "requires": {
        "tslib": "^2.3.0"
      }
    }
  }
}
