# Run ./gradlew --write-locks to regenerate this file
biz.aQute.bnd:biz.aQute.bnd.annotation:6.3.1 (1 constraints: 0c051336)
com.adobe.xmp:xmpcore:6.1.10 (1 constraints: fd0d5947)
com.beust:jcommander:1.82 (3 constraints: fd21d419)
com.carrotsearch:hppc:0.9.1 (2 constraints: ad0fc9a6)
com.carrotsearch.randomizedtesting:randomizedtesting-runner:2.8.1 (2 constraints: cf1501e2)
com.cybozu.labs:langdetect:1.1-20120112 (1 constraints: 5c066d5e)
com.epam:parso:2.0.14 (1 constraints: 8e0c750e)
com.fasterxml.jackson:jackson-bom:2.14.1 (13 constraints: 7208a870)
com.fasterxml.jackson.core:jackson-annotations:2.14.1 (10 constraints: 89beae04)
com.fasterxml.jackson.core:jackson-core:2.14.1 (13 constraints: 2a028008)
com.fasterxml.jackson.core:jackson-databind:2.14.1 (18 constraints: c863ae0d)
com.fasterxml.jackson.dataformat:jackson-dataformat-smile:2.14.1 (1 constraints: b80ea766)
com.fasterxml.jackson.module:jackson-module-jaxb-annotations:2.14.1 (2 constraints: a42445e0)
com.fasterxml.woodstox:woodstox-core:6.4.0 (3 constraints: af28dcb7)
com.github.ben-manes.caffeine:caffeine:3.1.2 (1 constraints: 0805ff35)
com.github.jai-imageio:jai-imageio-core:1.4.0 (1 constraints: 5c0ced01)
com.github.junrar:junrar:7.5.2 (1 constraints: 650c1002)
com.github.openjson:openjson:1.0.12 (1 constraints: 8b0c6d0e)
com.github.spotbugs:spotbugs-annotations:4.7.2 (1 constraints: 0f051636)
com.github.virtuald:curvesapi:1.07 (1 constraints: 9e0ac7c0)
com.google.android:annotations:4.1.1.4 (1 constraints: 6e08d68b)
com.google.api:api-common:2.2.1 (5 constraints: 8543fda1)
com.google.api:gax:2.18.7 (5 constraints: 874a5ca6)
com.google.api:gax-httpjson:0.103.7 (2 constraints: 3e21a5bc)
com.google.api-client:google-api-client:2.0.0 (3 constraints: 9b3281f9)
com.google.api.grpc:proto-google-common-protos:2.9.2 (6 constraints: 0e4db113)
com.google.api.grpc:proto-google-iam-v1:1.5.2 (2 constraints: 8b1ed196)
com.google.apis:google-api-services-storage:v1-rev20220705-2.0.0 (2 constraints: dc259c49)
com.google.auth:google-auth-library-credentials:1.8.1 (6 constraints: 2a5788f4)
com.google.auth:google-auth-library-oauth2-http:1.8.1 (5 constraints: 9a4394a8)
com.google.auto.value:auto-value-annotations:1.9 (5 constraints: 9c494bcf)
com.google.cloud:google-cloud-bom:0.178.0 (1 constraints: 7205bc40)
com.google.cloud:google-cloud-core:2.8.6 (3 constraints: cc2e39e1)
com.google.cloud:google-cloud-core-http:2.8.6 (1 constraints: f40ff795)
com.google.cloud:google-cloud-storage:2.11.3 (2 constraints: cf1cb826)
com.google.code.gson:gson:2.9.1 (6 constraints: 6d543cd0)
com.google.errorprone:error_prone_annotations:2.16 (8 constraints: 4f591a61)
com.google.guava:failureaccess:1.0.1 (2 constraints: f9199e37)
com.google.guava:guava:31.1-jre (25 constraints: 756fc917)
com.google.guava:listenablefuture:9999.0-empty-to-avoid-conflict-with-guava (2 constraints: 4b35b0a0)
com.google.http-client:google-http-client:1.42.2 (11 constraints: 28bfcf97)
com.google.http-client:google-http-client-apache-v2:1.42.2 (2 constraints: b4208375)
com.google.http-client:google-http-client-appengine:1.42.2 (2 constraints: da206d81)
com.google.http-client:google-http-client-gson:1.42.2 (6 constraints: e6619899)
com.google.http-client:google-http-client-jackson2:1.42.2 (1 constraints: 1d1003a6)
com.google.j2objc:j2objc-annotations:1.3 (4 constraints: 7d3ab454)
com.google.oauth-client:google-oauth-client:1.34.1 (2 constraints: b520b575)
com.google.protobuf:protobuf-java:3.21.12 (11 constraints: 9d9d18cf)
com.google.protobuf:protobuf-java-util:3.21.12 (4 constraints: 9d303921)
com.google.re2j:re2j:1.2 (1 constraints: a7041c2c)
com.googlecode.json-simple:json-simple:1.1.1 (2 constraints: 321c78d2)
com.googlecode.juniversalchardet:juniversalchardet:1.0.3 (1 constraints: 5b0ce401)
com.googlecode.plist:dd-plist:1.23 (1 constraints: 2f0c83f5)
com.healthmarketscience.jackcess:jackcess:4.0.1 (1 constraints: 5c0cf101)
com.healthmarketscience.jackcess:jackcess-encrypt:4.0.1 (1 constraints: 5c0cf101)
com.ibm.icu:icu4j:70.1 (1 constraints: a90f1784)
com.jayway.jsonpath:json-path:2.7.0 (2 constraints: 6b126a2c)
com.lmax:disruptor:3.4.2 (1 constraints: 0b050836)
com.mchange:c3p0:0.9.5.5 (1 constraints: c80c571b)
com.mchange:mchange-commons-java:0.2.19 (1 constraints: 84075b75)
com.pff:java-libpst:0.9.3 (1 constraints: 630cfa01)
com.rometools:rome:1.18.0 (1 constraints: 910c870e)
com.rometools:rome-utils:1.18.0 (1 constraints: 10095d96)
com.squareup.okhttp3:okhttp:4.10.0 (2 constraints: ad259100)
com.squareup.okio:okio:3.0.0 (1 constraints: 4d0c26fd)
com.squareup.okio:okio-jvm:3.0.0 (1 constraints: 4a0ac1b9)
com.sun.activation:jakarta.activation:1.2.2 (1 constraints: ba0dac35)
com.sun.istack:istack-commons-runtime:3.0.12 (1 constraints: eb0d9a43)
com.tdunning:t-digest:3.1 (1 constraints: a804212c)
com.zaxxer:SparseBitSet:1.2 (1 constraints: 0d081e75)
commons-cli:commons-cli:1.4 (1 constraints: a9041e2c)
commons-codec:commons-codec:1.15 (8 constraints: bd67e40b)
commons-collections:commons-collections:3.2.2 (1 constraints: 09050236)
commons-io:commons-io:2.11.0 (9 constraints: 9d65151d)
de.l3s.boilerpipe:boilerpipe:1.1.0 (1 constraints: 590ce401)
edu.ucar:cdm:4.5.5 (3 constraints: 9d1abd7d)
edu.ucar:grib:4.5.5 (1 constraints: 650c0402)
edu.ucar:httpservices:4.5.5 (2 constraints: 8f122834)
edu.ucar:netcdf4:4.5.5 (1 constraints: 650c0402)
edu.ucar:udunits:4.5.5 (1 constraints: 2b06034e)
edu.usc.ir:sentiment-analysis-parser:0.1 (1 constraints: fa0b50e9)
io.dropwizard.metrics:metrics-core:4.2.12 (5 constraints: 384468fe)
io.dropwizard.metrics:metrics-graphite:4.2.12 (1 constraints: 3b05413b)
io.dropwizard.metrics:metrics-jetty10:4.2.12 (1 constraints: 3b05413b)
io.dropwizard.metrics:metrics-jmx:4.2.12 (1 constraints: 3b05413b)
io.dropwizard.metrics:metrics-jvm:4.2.12 (1 constraints: 3b05413b)
io.grpc:grpc-api:1.50.2 (4 constraints: 7526366f)
io.grpc:grpc-context:1.50.2 (4 constraints: 282afae9)
io.grpc:grpc-core:1.50.2 (1 constraints: c908f38f)
io.grpc:grpc-netty:1.50.2 (1 constraints: 3a053b3b)
io.grpc:grpc-protobuf:1.50.2 (1 constraints: 3a053b3b)
io.grpc:grpc-protobuf-lite:1.50.2 (1 constraints: 060adeb3)
io.grpc:grpc-stub:1.50.2 (1 constraints: 3a053b3b)
io.netty:netty-buffer:4.1.82.Final (10 constraints: 8e99b4d5)
io.netty:netty-codec:4.1.82.Final (5 constraints: 5145087b)
io.netty:netty-codec-http:4.1.82.Final (3 constraints: 492440eb)
io.netty:netty-codec-http2:4.1.82.Final (1 constraints: ee0a9acb)
io.netty:netty-codec-socks:4.1.82.Final (1 constraints: 110f956c)
io.netty:netty-common:4.1.82.Final (12 constraints: 00b3cd3e)
io.netty:netty-handler:4.1.82.Final (3 constraints: 652b523a)
io.netty:netty-handler-proxy:4.1.82.Final (1 constraints: ee0a9acb)
io.netty:netty-resolver:4.1.82.Final (2 constraints: 521a7331)
io.netty:netty-tcnative:2.0.48.Final (1 constraints: d60fe48e)
io.netty:netty-tcnative-classes:2.0.48.Final (1 constraints: 210d451b)
io.netty:netty-transport:4.1.82.Final (9 constraints: de8b351b)
io.netty:netty-transport-classes-epoll:4.1.82.Final (1 constraints: ae12e21e)
io.netty:netty-transport-native-epoll:4.1.82.Final (1 constraints: d70ffb8e)
io.netty:netty-transport-native-unix-common:4.1.82.Final (4 constraints: 503d2494)
io.opencensus:opencensus-api:0.31.1 (5 constraints: 974d3996)
io.opencensus:opencensus-contrib-http-util:0.31.1 (3 constraints: 7232a9fc)
io.opentelemetry:opentelemetry-api:1.21.0 (9 constraints: fda10c96)
io.opentelemetry:opentelemetry-api-logs:1.21.0-alpha (2 constraints: a0279d00)
io.opentelemetry:opentelemetry-bom:1.21.0 (1 constraints: c411a7f3)
io.opentelemetry:opentelemetry-bom-alpha:1.21.0-alpha (1 constraints: 69079861)
io.opentelemetry:opentelemetry-context:1.21.0 (2 constraints: 1d1fd2b3)
io.opentelemetry:opentelemetry-exporter-common:1.21.0 (3 constraints: 443f09e9)
io.opentelemetry:opentelemetry-exporter-otlp:1.21.0 (1 constraints: 910fe183)
io.opentelemetry:opentelemetry-exporter-otlp-common:1.21.0 (2 constraints: 48230b1b)
io.opentelemetry:opentelemetry-opentracing-shim:1.21.0-alpha (1 constraints: f7137265)
io.opentelemetry:opentelemetry-sdk:1.21.0 (3 constraints: 96438ee0)
io.opentelemetry:opentelemetry-sdk-common:1.21.0 (5 constraints: 2355c8a6)
io.opentelemetry:opentelemetry-sdk-extension-autoconfigure:1.21.0-alpha (1 constraints: f7137265)
io.opentelemetry:opentelemetry-sdk-extension-autoconfigure-spi:1.21.0 (2 constraints: d7280b4d)
io.opentelemetry:opentelemetry-sdk-logs:1.21.0-alpha (4 constraints: 295e5301)
io.opentelemetry:opentelemetry-sdk-metrics:1.21.0 (5 constraints: e1669a5a)
io.opentelemetry:opentelemetry-sdk-trace:1.21.0 (3 constraints: dc32bdaf)
io.opentelemetry:opentelemetry-semconv:1.21.0-alpha (5 constraints: ed6e375b)
io.opentracing:opentracing-api:0.33.0 (5 constraints: 7244331d)
io.opentracing:opentracing-noop:0.33.0 (4 constraints: 48361e21)
io.opentracing:opentracing-util:0.33.0 (2 constraints: 5013be5a)
io.perfmark:perfmark-api:0.25.0 (2 constraints: 0411f2f9)
io.prometheus:simpleclient:0.2.0 (3 constraints: fe242db8)
io.prometheus:simpleclient_common:0.2.0 (1 constraints: e51014af)
io.prometheus:simpleclient_httpserver:0.2.0 (1 constraints: 0405f135)
io.sgr:s2-geometry-library-java:1.0.0 (1 constraints: b0107fb9)
io.swagger.core.v3:swagger-annotations:2.2.2 (1 constraints: 0805fd35)
jakarta.activation:jakarta.activation-api:1.2.2 (2 constraints: bb282bbe)
jakarta.annotation:jakarta.annotation-api:1.3.5 (4 constraints: d740f9a9)
jakarta.validation:jakarta.validation-api:2.0.2 (1 constraints: fd10b6c3)
jakarta.ws.rs:jakarta.ws.rs-api:2.1.6 (10 constraints: c1cce3ec)
jakarta.xml.bind:jakarta.xml.bind-api:2.3.3 (5 constraints: c45d665e)
javax.measure:unit-api:1.0 (5 constraints: 8e3e2cc5)
joda-time:joda-time:2.9.9 (4 constraints: eb1fe06a)
junit:junit:4.13.2 (9 constraints: d4aa559e)
net.arnx:jsonic:1.2.7 (2 constraints: db10d4d1)
net.java.dev.jna:jna:5.11.0 (1 constraints: 8e0c8a0e)
net.jcip:jcip-annotations:1.0 (6 constraints: 6130731b)
net.sf.ehcache:ehcache-core:2.6.2 (1 constraints: 2706f94d)
net.sf.jopt-simple:jopt-simple:4.6 (1 constraints: 610a91b7)
net.sourceforge.argparse4j:argparse4j:0.8.1 (1 constraints: 0b050436)
net.thisptr:jackson-jq:0.0.8 (1 constraints: 0a05f335)
org.antlr:antlr4-runtime:4.5.1-1 (1 constraints: 2810eea6)
org.apache.calcite:calcite-core:1.32.0 (1 constraints: 3805373b)
org.apache.calcite:calcite-linq4j:1.32.0 (2 constraints: c512594b)
org.apache.calcite.avatica:avatica-core:1.22.0 (3 constraints: f82045cb)
org.apache.calcite.avatica:avatica-metrics:1.22.0 (1 constraints: 981046c4)
org.apache.commons:commons-collections4:4.4 (3 constraints: 2a172a57)
org.apache.commons:commons-compress:1.21 (3 constraints: 9d1b16ae)
org.apache.commons:commons-configuration2:2.8.0 (1 constraints: 0c050d36)
org.apache.commons:commons-csv:1.9.0 (1 constraints: 610cfc01)
org.apache.commons:commons-exec:1.3 (2 constraints: a41056b8)
org.apache.commons:commons-lang3:3.12.0 (5 constraints: 9b3e0e36)
org.apache.commons:commons-math3:3.6.1 (4 constraints: 93247039)
org.apache.commons:commons-text:1.10.0 (3 constraints: ad262ca9)
org.apache.curator:curator-client:4.3.0 (2 constraints: e214cba2)
org.apache.curator:curator-framework:4.3.0 (2 constraints: ff13b474)
org.apache.curator:curator-recipes:4.3.0 (1 constraints: 09050836)
org.apache.hadoop:hadoop-annotations:3.3.4 (1 constraints: 0c050736)
org.apache.hadoop:hadoop-auth:3.3.4 (1 constraints: 0c050736)
org.apache.hadoop:hadoop-client-api:3.3.4 (3 constraints: 1f28da5f)
org.apache.hadoop:hadoop-client-runtime:3.3.4 (2 constraints: 6b177043)
org.apache.hadoop:hadoop-common:3.3.4 (1 constraints: 0c050736)
org.apache.hadoop.thirdparty:hadoop-shaded-guava:1.1.1 (1 constraints: 0505f435)
org.apache.httpcomponents:httpclient:4.5.13 (10 constraints: 8f9027a9)
org.apache.httpcomponents:httpcore:4.4.15 (8 constraints: 1c6d2913)
org.apache.httpcomponents:httpmime:4.5.13 (3 constraints: ea1bb9dc)
org.apache.httpcomponents.client5:httpclient5:5.1.3 (1 constraints: 6c10bcb3)
org.apache.httpcomponents.core5:httpcore5:5.1.3 (3 constraints: ff35b9e8)
org.apache.httpcomponents.core5:httpcore5-h2:5.1.3 (1 constraints: 3d13093c)
org.apache.james:apache-mime4j-core:0.8.4 (2 constraints: 981a0d67)
org.apache.james:apache-mime4j-dom:0.8.4 (1 constraints: 630cf801)
org.apache.kerby:kerb-core:1.0.1 (5 constraints: 683677dd)
org.apache.kerby:kerb-crypto:1.0.1 (2 constraints: d617fe96)
org.apache.kerby:kerb-util:1.0.1 (3 constraints: 1a1ddb4c)
org.apache.kerby:kerby-asn1:1.0.1 (1 constraints: fd0be9f4)
org.apache.kerby:kerby-config:1.0.1 (4 constraints: 4d3182b9)
org.apache.kerby:kerby-pkix:1.0.1 (1 constraints: 710bfce4)
org.apache.kerby:kerby-util:1.0.1 (2 constraints: 6518bdb6)
org.apache.logging.log4j:log4j-1.2-api:2.19.0 (1 constraints: 3e054a3b)
org.apache.logging.log4j:log4j-api:2.19.0 (9 constraints: ba6f36df)
org.apache.logging.log4j:log4j-core:2.19.0 (4 constraints: 98447217)
org.apache.logging.log4j:log4j-layout-template-json:2.19.0 (1 constraints: 3e054a3b)
org.apache.logging.log4j:log4j-slf4j2-impl:2.19.0 (1 constraints: 3e054a3b)
org.apache.logging.log4j:log4j-web:2.19.0 (1 constraints: 3e054a3b)
org.apache.lucene:lucene-analysis-common:9.4.2 (10 constraints: e89eec62)
org.apache.lucene:lucene-analysis-icu:9.4.2 (1 constraints: 11052636)
org.apache.lucene:lucene-analysis-kuromoji:9.4.2 (1 constraints: 11052636)
org.apache.lucene:lucene-analysis-morfologik:9.4.2 (1 constraints: 11052636)
org.apache.lucene:lucene-analysis-nori:9.4.2 (1 constraints: 11052636)
org.apache.lucene:lucene-analysis-opennlp:9.4.2 (1 constraints: 11052636)
org.apache.lucene:lucene-analysis-phonetic:9.4.2 (1 constraints: 11052636)
org.apache.lucene:lucene-analysis-smartcn:9.4.2 (1 constraints: 11052636)
org.apache.lucene:lucene-analysis-stempel:9.4.2 (1 constraints: 11052636)
org.apache.lucene:lucene-backward-codecs:9.4.2 (1 constraints: 11052636)
org.apache.lucene:lucene-classification:9.4.2 (1 constraints: 11052636)
org.apache.lucene:lucene-codecs:9.4.2 (3 constraints: a5259244)
org.apache.lucene:lucene-core:9.4.2 (26 constraints: 2f90a69c)
org.apache.lucene:lucene-expressions:9.4.2 (1 constraints: 11052636)
org.apache.lucene:lucene-grouping:9.4.2 (2 constraints: e81552e4)
org.apache.lucene:lucene-highlighter:9.4.2 (1 constraints: 11052636)
org.apache.lucene:lucene-join:9.4.2 (1 constraints: 11052636)
org.apache.lucene:lucene-memory:9.4.2 (1 constraints: 9b0fad83)
org.apache.lucene:lucene-misc:9.4.2 (1 constraints: 11052636)
org.apache.lucene:lucene-queries:9.4.2 (6 constraints: c051d07b)
org.apache.lucene:lucene-queryparser:9.4.2 (1 constraints: 11052636)
org.apache.lucene:lucene-sandbox:9.4.2 (2 constraints: df142ba1)
org.apache.lucene:lucene-spatial-extras:9.4.2 (1 constraints: 11052636)
org.apache.lucene:lucene-spatial3d:9.4.2 (1 constraints: be10b5b9)
org.apache.lucene:lucene-suggest:9.4.2 (1 constraints: 11052636)
org.apache.lucene:lucene-test-framework:9.4.2 (1 constraints: 11052636)
org.apache.opennlp:opennlp-tools:1.9.4 (3 constraints: 0823a25b)
org.apache.pdfbox:fontbox:2.0.26 (1 constraints: 180b72d8)
org.apache.pdfbox:jbig2-imageio:3.0.4 (1 constraints: 5e0cef01)
org.apache.pdfbox:jempbox:1.8.16 (1 constraints: 970c910e)
org.apache.pdfbox:pdfbox:2.0.26 (2 constraints: ea1857e7)
org.apache.pdfbox:pdfbox-tools:2.0.26 (1 constraints: 910c790e)
org.apache.pdfbox:preflight:2.0.26 (1 constraints: 910c790e)
org.apache.pdfbox:xmpbox:2.0.26 (2 constraints: ea1857e7)
org.apache.poi:poi:5.2.2 (3 constraints: e623e7de)
org.apache.poi:poi-ooxml:5.2.2 (1 constraints: 600cfd01)
org.apache.poi:poi-ooxml-lite:5.2.2 (1 constraints: cd0a9fcb)
org.apache.poi:poi-scratchpad:5.2.2 (1 constraints: 600cfd01)
org.apache.sis.core:sis-feature:1.2 (1 constraints: 600e0c44)
org.apache.sis.core:sis-metadata:1.2 (5 constraints: e9435488)
org.apache.sis.core:sis-referencing:1.2 (3 constraints: 4829fae1)
org.apache.sis.core:sis-utility:1.2 (4 constraints: 0b35ce5b)
org.apache.sis.storage:sis-netcdf:1.2 (1 constraints: fc0b54e9)
org.apache.sis.storage:sis-storage:1.2 (1 constraints: df0de432)
org.apache.tika:tika-core:1.28.4 (2 constraints: d6116711)
org.apache.tika:tika-parsers:1.28.4 (1 constraints: 4105493b)
org.apache.tomcat:annotations-api:6.0.53 (1 constraints: 40054e3b)
org.apache.xmlbeans:xmlbeans:5.0.3 (2 constraints: 72173075)
org.apache.zookeeper:zookeeper:3.8.0 (2 constraints: 9f13215f)
org.apache.zookeeper:zookeeper-jute:3.8.0 (2 constraints: 97123223)
org.apiguardian:apiguardian-api:1.1.2 (2 constraints: 601bd5a8)
org.bitbucket.b_c:jose4j:0.7.9 (1 constraints: 12050936)
org.bouncycastle:bcmail-jdk15on:1.70 (1 constraints: 310c8af5)
org.bouncycastle:bcpkix-jdk15on:1.70 (2 constraints: ce1b11b3)
org.bouncycastle:bcprov-jdk15on:1.70 (5 constraints: ee43a815)
org.bouncycastle:bcutil-jdk15on:1.70 (2 constraints: 961ad454)
org.brotli:dec:0.1.2 (1 constraints: 5a0ce101)
org.carrot2:carrot2-core:4.5.0 (1 constraints: 0b050e36)
org.carrot2:morfologik-fsa:2.1.9 (1 constraints: db0d9c36)
org.carrot2:morfologik-polish:2.1.9 (1 constraints: d312541e)
org.carrot2:morfologik-stemming:2.1.9 (2 constraints: d81fb300)
org.ccil.cowan.tagsoup:tagsoup:1.2.1 (1 constraints: 5b0ce801)
org.checkerframework:checker-qual:3.27.0 (5 constraints: 574674eb)
org.codehaus.janino:commons-compiler:3.1.8 (2 constraints: 2f1983ec)
org.codehaus.janino:janino:3.1.8 (1 constraints: 640dbc2c)
org.codehaus.woodstox:stax2-api:4.2.1 (2 constraints: 36152eaf)
org.codelibs:jhighlight:1.1.0 (1 constraints: 590ce401)
org.eclipse.jetty:jetty-alpn-client:10.0.13 (3 constraints: eb2e065f)
org.eclipse.jetty:jetty-alpn-java-client:10.0.13 (2 constraints: 1b1b136e)
org.eclipse.jetty:jetty-alpn-java-server:10.0.13 (1 constraints: 67058f40)
org.eclipse.jetty:jetty-alpn-server:10.0.13 (2 constraints: f116a548)
org.eclipse.jetty:jetty-client:10.0.13 (2 constraints: 1b1b136e)
org.eclipse.jetty:jetty-deploy:10.0.13 (1 constraints: 67058f40)
org.eclipse.jetty:jetty-http:10.0.13 (6 constraints: 684f3f86)
org.eclipse.jetty:jetty-io:10.0.13 (9 constraints: a17dc0d4)
org.eclipse.jetty:jetty-jmx:10.0.13 (1 constraints: 67058f40)
org.eclipse.jetty:jetty-rewrite:10.0.13 (1 constraints: 67058f40)
org.eclipse.jetty:jetty-security:10.0.13 (2 constraints: b813c378)
org.eclipse.jetty:jetty-server:10.0.13 (7 constraints: c46d3518)
org.eclipse.jetty:jetty-servlet:10.0.13 (2 constraints: 3213f160)
org.eclipse.jetty:jetty-servlets:10.0.13 (1 constraints: 67058f40)
org.eclipse.jetty:jetty-util:10.0.13 (9 constraints: 93811081)
org.eclipse.jetty:jetty-webapp:10.0.13 (2 constraints: 40137961)
org.eclipse.jetty:jetty-xml:10.0.13 (3 constraints: 0b21bab9)
org.eclipse.jetty.http2:http2-client:10.0.13 (2 constraints: 1b1b136e)
org.eclipse.jetty.http2:http2-common:10.0.13 (3 constraints: d924c260)
org.eclipse.jetty.http2:http2-hpack:10.0.13 (2 constraints: 1e1506e0)
org.eclipse.jetty.http2:http2-http-client-transport:10.0.13 (1 constraints: 67058f40)
org.eclipse.jetty.http2:http2-server:10.0.13 (1 constraints: 67058f40)
org.eclipse.jetty.toolchain:jetty-servlet-api:4.0.6 (4 constraints: 883053bf)
org.gagravarr:vorbis-java-core:0.8 (1 constraints: 010c57e9)
org.gagravarr:vorbis-java-tika:0.8 (1 constraints: 010c57e9)
org.glassfish.hk2:hk2-api:2.6.1 (2 constraints: 7811f501)
org.glassfish.hk2:hk2-locator:2.6.1 (1 constraints: 4410e0ad)
org.glassfish.hk2:hk2-utils:2.6.1 (2 constraints: 21173277)
org.glassfish.hk2:osgi-resource-locator:1.0.3 (2 constraints: 7d23b265)
org.glassfish.hk2.external:aopalliance-repackaged:2.6.1 (2 constraints: 21173277)
org.glassfish.hk2.external:jakarta.inject:2.6.1 (11 constraints: 2cbae60f)
org.glassfish.jaxb:jaxb-runtime:2.3.5 (1 constraints: 610cf401)
org.glassfish.jaxb:txw2:2.3.5 (1 constraints: bf0db735)
org.glassfish.jersey.containers:jersey-container-jetty-http:2.35 (1 constraints: de04fe30)
org.glassfish.jersey.core:jersey-client:2.35 (1 constraints: d510c6b2)
org.glassfish.jersey.core:jersey-common:2.35 (11 constraints: d3ddca6a)
org.glassfish.jersey.core:jersey-server:2.35 (7 constraints: 169eb83e)
org.glassfish.jersey.ext:jersey-entity-filtering:2.35 (1 constraints: 92156fbd)
org.glassfish.jersey.inject:jersey-hk2:2.35 (1 constraints: de04fe30)
org.glassfish.jersey.media:jersey-media-json-jackson:2.35 (1 constraints: de04fe30)
org.hamcrest:hamcrest:2.2 (3 constraints: 7620ce25)
org.hamcrest:hamcrest-core:2.2 (1 constraints: cc05fe3f)
org.immutables:value-annotations:2.9.2 (1 constraints: 0f051236)
org.itadaki:bzip2:0.9.1 (2 constraints: bd0c4b2c)
org.javassist:javassist:3.25.0-GA (1 constraints: 2a110ef1)
org.jctools:jctools-core:3.3.0 (1 constraints: 08050336)
org.jdom:jdom2:2.0.6.1 (1 constraints: be0c371b)
org.jetbrains:annotations:13.0 (1 constraints: df0e795c)
org.jetbrains.kotlin:kotlin-bom:1.7.21 (1 constraints: 31109caf)
org.jetbrains.kotlin:kotlin-stdlib:1.7.21 (6 constraints: d65aa2de)
org.jetbrains.kotlin:kotlin-stdlib-common:1.7.21 (4 constraints: 363ab4c3)
org.jetbrains.kotlin:kotlin-stdlib-jdk7:1.7.21 (2 constraints: e11ec2c7)
org.jetbrains.kotlin:kotlin-stdlib-jdk8:1.7.21 (4 constraints: 573ab5e7)
org.junit:junit-bom:5.9.1 (2 constraints: cb21f18e)
org.locationtech.jts:jts-core:1.19.0 (2 constraints: a31de760)
org.locationtech.jts.io:jts-io-common:1.19.0 (1 constraints: 930d513a)
org.locationtech.proj4j:proj4j:1.1.5 (1 constraints: 5f0daf2c)
org.locationtech.spatial4j:spatial4j:0.8 (1 constraints: 59105498)
org.opengis:geoapi:3.0.1 (7 constraints: 1361d046)
org.openjdk.jmh:jmh-core:1.32 (1 constraints: da04f730)
org.osgi:org.osgi.resource:1.0.0 (1 constraints: e60f2999)
org.osgi:org.osgi.service.serviceloader:1.0.0 (1 constraints: e60f2999)
org.osgi:osgi.annotation:8.1.0 (1 constraints: 0b051636)
org.ow2.asm:asm:9.4 (6 constraints: 1242e83d)
org.ow2.asm:asm-bom:9.4 (1 constraints: a50fb27f)
org.ow2.asm:asm-commons:9.4 (2 constraints: 94171c72)
org.ow2.asm:asm-tree:9.4 (2 constraints: 11129514)
org.quicktheories:quicktheories:0.26 (1 constraints: dc04f530)
org.reactivestreams:reactive-streams:1.0.3 (3 constraints: 3c2b02fd)
org.semver4j:semver4j:2.2.0 (1 constraints: 0605fb35)
org.slf4j:jcl-over-slf4j:2.0.5 (3 constraints: cb17dfa5)
org.slf4j:jul-to-slf4j:2.0.5 (3 constraints: 2528cf47)
org.slf4j:slf4j-api:2.0.5 (59 constraints: 6013f3b3)
org.tallison:isoparser:1.9.41.7 (1 constraints: fb0c5528)
org.tallison:jmatio:1.5 (1 constraints: ff0b57e9)
org.tallison:metadata-extractor:2.17.1.0 (1 constraints: f00c3b28)
org.tallison.xmp:xmpcore-shaded:6.1.10 (1 constraints: 300e8d49)
org.threeten:threetenbp:1.6.0 (4 constraints: 0433a25f)
org.tukaani:xz:1.9 (1 constraints: 030c5be9)
org.xerial.snappy:snappy-java:1.1.8.2 (4 constraints: 8c382ee2)
software.amazon.awssdk:annotations:2.17.63 (18 constraints: 690ceab3)
software.amazon.awssdk:apache-client:2.17.63 (4 constraints: 0d2a0ae3)
software.amazon.awssdk:arns:2.17.63 (2 constraints: 21185ac1)
software.amazon.awssdk:auth:2.17.63 (5 constraints: 4c38fb3f)
software.amazon.awssdk:aws-core:2.17.63 (6 constraints: fe4df51e)
software.amazon.awssdk:aws-query-protocol:2.17.63 (3 constraints: 5b2ab1dd)
software.amazon.awssdk:aws-xml-protocol:2.17.63 (2 constraints: 21185ac1)
software.amazon.awssdk:bom:2.17.63 (1 constraints: 7505bf40)
software.amazon.awssdk:http-client-spi:2.17.63 (11 constraints: dba5da79)
software.amazon.awssdk:json-utils:2.17.63 (3 constraints: 4227d652)
software.amazon.awssdk:metrics-spi:2.17.63 (7 constraints: 3d62fd12)
software.amazon.awssdk:profiles:2.17.63 (8 constraints: 6761f245)
software.amazon.awssdk:protocol-core:2.17.63 (5 constraints: 8a48db59)
software.amazon.awssdk:regions:2.17.63 (6 constraints: 1c45a6c5)
software.amazon.awssdk:s3:2.17.63 (3 constraints: bb244128)
software.amazon.awssdk:sdk-core:2.17.63 (10 constraints: 8887fee5)
software.amazon.awssdk:sts:2.17.63 (2 constraints: d1113a15)
software.amazon.awssdk:third-party-jackson-core:2.17.63 (2 constraints: 931b14a8)
software.amazon.awssdk:utils:2.17.63 (17 constraints: 0bffaaab)
software.amazon.eventstream:eventstream:1.0.1 (2 constraints: 2e1ae62b)
ua.net.nlp:morfologik-ukrainian-search:4.9.1 (1 constraints: d5126e1e)
xerces:xercesImpl:2.12.2 (2 constraints: ba1cc124)

[Test dependencies]
com.adobe.testing:s3mock:2.1.34 (1 constraints: b012831d)
com.adobe.testing:s3mock-junit4:2.1.34 (1 constraints: 3c05373b)
com.adobe.testing:s3mock-testsupport-common:2.1.34 (1 constraints: 7b0d8b39)
com.amazonaws:aws-java-sdk-core:1.12.15 (2 constraints: 501a5183)
com.amazonaws:aws-java-sdk-kms:1.12.15 (1 constraints: d60cb42a)
com.amazonaws:aws-java-sdk-s3:1.12.15 (1 constraints: e0125c30)
com.amazonaws:jmespath-java:1.12.15 (2 constraints: 501a5183)
com.fasterxml.jackson.dataformat:jackson-dataformat-cbor:2.14.1 (2 constraints: 5e1c12f1)
com.fasterxml.jackson.dataformat:jackson-dataformat-xml:2.14.1 (2 constraints: a519c812)
com.fasterxml.jackson.datatype:jackson-datatype-jdk8:2.14.1 (2 constraints: 0a24c381)
com.fasterxml.jackson.datatype:jackson-datatype-jsr310:2.14.1 (3 constraints: 7b3d5a0f)
com.fasterxml.jackson.module:jackson-module-kotlin:2.14.1 (2 constraints: a41dd75f)
com.fasterxml.jackson.module:jackson-module-parameter-names:2.14.1 (2 constraints: 0a24c381)
com.github.stephenc.jcip:jcip-annotations:1.0-1 (2 constraints: c5188bde)
com.google.cloud:google-cloud-nio:0.124.14 (1 constraints: c90e1c7b)
com.nimbusds:content-type:2.2 (1 constraints: d80b68eb)
com.nimbusds:lang-tag:1.5 (1 constraints: da0b68eb)
com.nimbusds:nimbus-jose-jwt:9.16.1 (1 constraints: 730c5410)
com.nimbusds:oauth2-oidc-sdk:9.22.2 (1 constraints: f50ebb71)
com.squareup.okhttp3:mockwebserver:4.9.3 (1 constraints: c60ebf62)
io.github.microutils:kotlin-logging:2.1.21 (1 constraints: ec0e8871)
io.github.microutils:kotlin-logging-jvm:2.1.21 (1 constraints: af0f358c)
io.micrometer:micrometer-core:1.7.12 (1 constraints: fc162119)
io.opentracing:opentracing-mock:0.33.0 (1 constraints: 3805343b)
jakarta.servlet:jakarta.servlet-api:4.0.4 (4 constraints: 586e1f6a)
jakarta.websocket:jakarta.websocket-api:1.1.2 (1 constraints: 92155ab9)
javax.inject:javax.inject:1 (1 constraints: 7a0df617)
net.bytebuddy:byte-buddy:1.10.20 (2 constraints: 7c10a9d0)
net.minidev:accessors-smart:2.4.7 (1 constraints: 4e0a90b8)
net.minidev:json-smart:2.4.7 (1 constraints: 160e936e)
no.nav.security:mock-oauth2-server:0.4.3 (1 constraints: 0905fa35)
org.apache.hadoop:hadoop-client-minicluster:3.3.4 (1 constraints: 0c050736)
org.apache.hadoop:hadoop-hdfs:3.3.4 (1 constraints: 0c050736)
org.apache.hadoop:hadoop-minikdc:3.3.4 (1 constraints: 0c050736)
org.apache.kerby:kerb-admin:1.0.1 (1 constraints: 840d892f)
org.apache.kerby:kerb-client:1.0.1 (1 constraints: 840d892f)
org.apache.kerby:kerb-common:1.0.1 (2 constraints: a51841ca)
org.apache.kerby:kerb-identity:1.0.1 (1 constraints: 5f0cb602)
org.apache.kerby:kerb-server:1.0.1 (1 constraints: d10b65f2)
org.apache.kerby:kerb-simplekdc:1.0.1 (1 constraints: dc0d7e3e)
org.apache.tomcat.embed:tomcat-embed-el:9.0.63 (1 constraints: d01553cf)
org.freemarker:freemarker:2.3.31 (1 constraints: ef0e9271)
org.glassfish.grizzly:grizzly-framework:2.4.4 (1 constraints: 670fe271)
org.glassfish.grizzly:grizzly-http:2.4.4 (1 constraints: 2b127cf5)
org.glassfish.grizzly:grizzly-http-server:2.4.4 (2 constraints: bb2c391b)
org.glassfish.grizzly:grizzly-http-servlet:2.4.4 (1 constraints: 681bda3f)
org.glassfish.jersey.containers:jersey-container-grizzly2-http:2.35 (2 constraints: 623ed2c2)
org.glassfish.jersey.containers:jersey-container-grizzly2-servlet:2.35 (1 constraints: 292310ba)
org.glassfish.jersey.containers:jersey-container-servlet:2.35 (1 constraints: 3a1b7724)
org.glassfish.jersey.containers:jersey-container-servlet-core:2.35 (2 constraints: a031bd78)
org.glassfish.jersey.media:jersey-media-jaxb:2.35 (1 constraints: e11958ca)
org.glassfish.jersey.test-framework:jersey-test-framework-core:2.35 (2 constraints: 062875af)
org.glassfish.jersey.test-framework.providers:jersey-test-framework-provider-grizzly2:2.35 (1 constraints: de04fe30)
org.hdrhistogram:HdrHistogram:2.1.12 (1 constraints: 520d2029)
org.hsqldb:hsqldb:2.4.0 (1 constraints: 08050136)
org.jetbrains.kotlin:kotlin-reflect:1.7.21 (3 constraints: 61328ffd)
org.latencyutils:LatencyUtils:2.0.3 (1 constraints: 210dcd1b)
org.mockito:mockito-core:3.8.0 (1 constraints: 0d051236)
org.objenesis:objenesis:3.1 (1 constraints: b00a12bd)
org.springframework:spring-aop:5.3.23 (2 constraints: d41eae99)
org.springframework:spring-beans:5.3.23 (4 constraints: 9c3abec4)
org.springframework:spring-context:5.3.23 (2 constraints: 621fdbd1)
org.springframework:spring-core:5.3.23 (8 constraints: e17dffad)
org.springframework:spring-expression:5.3.23 (2 constraints: d41eae99)
org.springframework:spring-jcl:5.3.23 (1 constraints: 4f0e9f4f)
org.springframework:spring-web:5.3.23 (3 constraints: 5039958a)
org.springframework:spring-webmvc:5.3.23 (1 constraints: d614689e)
org.springframework.boot:spring-boot:2.5.14 (4 constraints: 8b564b45)
org.springframework.boot:spring-boot-actuator:2.5.14 (1 constraints: 73199cb8)
org.springframework.boot:spring-boot-actuator-autoconfigure:2.5.14 (1 constraints: fd162119)
org.springframework.boot:spring-boot-autoconfigure:2.5.14 (2 constraints: df2c875d)
org.springframework.boot:spring-boot-starter:2.5.14 (3 constraints: 274126c5)
org.springframework.boot:spring-boot-starter-actuator:2.5.14 (1 constraints: a80fdfae)
org.springframework.boot:spring-boot-starter-jetty:2.5.14 (1 constraints: 1d0d3137)
org.springframework.boot:spring-boot-starter-json:2.5.14 (1 constraints: d814609e)
org.springframework.boot:spring-boot-starter-logging:2.5.14 (1 constraints: 6d138546)
org.springframework.boot:spring-boot-starter-web:2.5.14 (1 constraints: 1d0d3137)
org.yaml:snakeyaml:1.33 (2 constraints: dc224ce5)
software.amazon.awssdk:url-connection-client:2.17.63 (2 constraints: 471f19f7)
software.amazon.ion:ion-java:1.0.2 (1 constraints: 720db831)
