# Run ./gradlew --write-locks to regenerate this file
biz.aQute.bnd:biz.aQute.bnd.annotation:6.4.1 (1 constraints: 0d051636)
com.adobe.xmp:xmpcore:6.1.10 (1 constraints: fd0d5947)
com.beust:jcommander:1.82 (2 constraints: 2b123714)
com.carrotsearch:hppc:0.9.1 (2 constraints: ad0fc9a6)
com.carrotsearch.randomizedtesting:randomizedtesting-runner:2.8.1 (2 constraints: cf1501e2)
com.cybozu.labs:langdetect:1.1-20120112 (1 constraints: 5c066d5e)
com.epam:parso:2.0.14 (1 constraints: 8e0c750e)
com.fasterxml.jackson:jackson-bom:2.17.2 (12 constraints: bafcbe83)
com.fasterxml.jackson.core:jackson-annotations:2.17.2 (10 constraints: 03c3c711)
com.fasterxml.jackson.core:jackson-core:2.17.2 (13 constraints: ae067719)
com.fasterxml.jackson.core:jackson-databind:2.17.2 (18 constraints: fa67eb18)
com.fasterxml.jackson.dataformat:jackson-dataformat-cbor:2.17.2 (2 constraints: 651ca0f1)
com.fasterxml.jackson.dataformat:jackson-dataformat-smile:2.17.2 (1 constraints: bc0eb166)
com.fasterxml.jackson.module:jackson-module-jakarta-xmlbind-annotations:2.17.2 (2 constraints: ac2451e1)
com.fasterxml.woodstox:woodstox-core:6.7.0 (2 constraints: a123c684)
com.github.ben-manes.caffeine:caffeine:3.1.8 (1 constraints: 0e050536)
com.github.jai-imageio:jai-imageio-core:1.4.0 (1 constraints: 5c0ced01)
com.github.junrar:junrar:7.5.3 (1 constraints: 660c1102)
com.github.openjson:openjson:1.0.12 (1 constraints: 8b0c6d0e)
com.github.spotbugs:spotbugs-annotations:4.8.0 (1 constraints: 0e051736)
com.github.stephenc.jcip:jcip-annotations:1.0-1 (3 constraints: c71d2c87)
com.github.virtuald:curvesapi:1.07 (1 constraints: 9e0ac7c0)
com.google.android:annotations:4.1.1.4 (2 constraints: b918820a)
com.google.api:api-common:2.33.0 (5 constraints: 8444f8b5)
com.google.api:gax:2.50.0 (5 constraints: 504a5892)
com.google.api:gax-grpc:2.50.0 (1 constraints: 1b1005a6)
com.google.api:gax-httpjson:2.50.0 (2 constraints: d6201381)
com.google.api-client:google-api-client:2.6.0 (3 constraints: ad32fffc)
com.google.api.grpc:gapic-google-cloud-storage-v2:2.40.1-alpha (2 constraints: e4226438)
com.google.api.grpc:grpc-google-cloud-storage-v2:2.40.1-alpha (2 constraints: e4226438)
com.google.api.grpc:proto-google-cloud-storage-v2:2.40.1-alpha (2 constraints: e4226438)
com.google.api.grpc:proto-google-common-protos:2.41.0 (6 constraints: 184eab81)
com.google.api.grpc:proto-google-iam-v1:1.36.0 (2 constraints: ef1e9acd)
com.google.apis:google-api-services-storage:v1-rev20240621-2.0.0 (2 constraints: da256149)
com.google.auth:google-auth-library-credentials:1.23.0 (7 constraints: cb686112)
com.google.auth:google-auth-library-oauth2-http:1.23.0 (6 constraints: 0f558a85)
com.google.auto.value:auto-value-annotations:1.10.4 (6 constraints: b85aa377)
com.google.cloud:google-cloud-bom:0.224.0 (1 constraints: 6a05a140)
com.google.cloud:google-cloud-core:2.40.0 (3 constraints: 3e2f1a54)
com.google.cloud:google-cloud-core-grpc:2.40.0 (1 constraints: 1a1001a6)
com.google.cloud:google-cloud-core-http:2.40.0 (1 constraints: 1a1001a6)
com.google.cloud:google-cloud-storage:2.40.1 (2 constraints: cf1cc626)
com.google.code.gson:gson:2.11.0 (6 constraints: 0c550bc0)
com.google.errorprone:error_prone_annotations:2.28.0 (15 constraints: a5c51259)
com.google.guava:failureaccess:1.0.2 (2 constraints: fb19bf37)
com.google.guava:guava:33.1.0-jre (26 constraints: 0280374a)
com.google.guava:listenablefuture:9999.0-empty-to-avoid-conflict-with-guava (2 constraints: 4b35b0a0)
com.google.http-client:google-http-client:1.44.2 (11 constraints: 45bf29b8)
com.google.http-client:google-http-client-apache-v2:1.44.2 (2 constraints: b9201d76)
com.google.http-client:google-http-client-appengine:1.44.2 (2 constraints: de20d781)
com.google.http-client:google-http-client-gson:1.44.2 (7 constraints: 68702d4e)
com.google.http-client:google-http-client-jackson2:1.44.2 (1 constraints: 1f1009a6)
com.google.j2objc:j2objc-annotations:3.0.0 (4 constraints: 453c9e88)
com.google.oauth-client:google-oauth-client:1.36.0 (2 constraints: b720ee75)
com.google.protobuf:protobuf-java:3.25.3 (11 constraints: ed9520ce)
com.google.protobuf:protobuf-java-util:3.25.3 (3 constraints: 3c2b232d)
com.google.re2j:re2j:1.7 (2 constraints: 3914d56f)
com.googlecode.json-simple:json-simple:1.1.1 (2 constraints: 321c78d2)
com.googlecode.juniversalchardet:juniversalchardet:1.0.3 (1 constraints: 5b0ce401)
com.googlecode.plist:dd-plist:1.24 (1 constraints: 300c84f5)
com.healthmarketscience.jackcess:jackcess:4.0.2 (1 constraints: 5d0cf201)
com.healthmarketscience.jackcess:jackcess-encrypt:4.0.1 (1 constraints: 5c0cf101)
com.ibm.icu:icu4j:74.2 (1 constraints: ae0f2484)
com.j256.simplemagic:simplemagic:1.17 (1 constraints: dd04f830)
com.jayway.jsonpath:json-path:2.9.0 (2 constraints: 6f12c62c)
com.lmax:disruptor:3.4.4 (1 constraints: 0d050a36)
com.mchange:c3p0:0.9.5.5 (1 constraints: c80c571b)
com.mchange:mchange-commons-java:0.2.19 (1 constraints: 84075b75)
com.pff:java-libpst:0.9.3 (1 constraints: 630cfa01)
com.rometools:rome:1.18.0 (1 constraints: 910c870e)
com.rometools:rome-utils:1.18.0 (1 constraints: 10095d96)
com.squareup.okhttp3:okhttp:4.12.0 (2 constraints: a8264f6a)
com.squareup.okio:okio:3.6.0 (1 constraints: 530c38fd)
com.squareup.okio:okio-jvm:3.6.0 (1 constraints: 500ad3b9)
com.sun.activation:jakarta.activation:1.2.2 (1 constraints: ba0dac35)
com.sun.istack:istack-commons-runtime:3.0.12 (1 constraints: eb0d9a43)
com.tdunning:t-digest:3.3 (1 constraints: aa04232c)
com.zaxxer:SparseBitSet:1.2 (1 constraints: 0d081e75)
commons-cli:commons-cli:1.8.0 (1 constraints: 0b050836)
commons-codec:commons-codec:1.17.1 (11 constraints: 5a953ac4)
commons-collections:commons-collections:3.2.2 (1 constraints: 09050236)
commons-io:commons-io:2.15.1 (10 constraints: 47759e4f)
de.l3s.boilerpipe:boilerpipe:1.1.0 (1 constraints: 590ce401)
edu.ucar:cdm:4.5.5 (3 constraints: 9d1abd7d)
edu.ucar:grib:4.5.5 (1 constraints: 650c0402)
edu.ucar:httpservices:4.5.5 (2 constraints: 8f122834)
edu.ucar:netcdf4:4.5.5 (1 constraints: 650c0402)
edu.ucar:udunits:4.5.5 (1 constraints: 2b06034e)
edu.usc.ir:sentiment-analysis-parser:0.1 (1 constraints: fa0b50e9)
io.dropwizard.metrics:metrics-annotation:4.2.25 (1 constraints: 351072b0)
io.dropwizard.metrics:metrics-core:4.2.25 (5 constraints: 4c447c05)
io.dropwizard.metrics:metrics-graphite:4.2.25 (1 constraints: 3f05463b)
io.dropwizard.metrics:metrics-jetty10:4.2.25 (1 constraints: 3f05463b)
io.dropwizard.metrics:metrics-jmx:4.2.25 (1 constraints: 3f05463b)
io.dropwizard.metrics:metrics-jvm:4.2.25 (1 constraints: 3f05463b)
io.grpc:grpc-alts:1.65.1 (1 constraints: 1f100ba6)
io.grpc:grpc-api:1.65.1 (8 constraints: 6951e68b)
io.grpc:grpc-auth:1.65.1 (1 constraints: 1f100ba6)
io.grpc:grpc-context:1.65.1 (6 constraints: 8f445188)
io.grpc:grpc-core:1.65.1 (3 constraints: 4321151f)
io.grpc:grpc-googleapis:1.65.1 (1 constraints: 1f100ba6)
io.grpc:grpc-grpclb:1.65.1 (1 constraints: 1f100ba6)
io.grpc:grpc-inprocess:1.65.1 (1 constraints: 1f100ba6)
io.grpc:grpc-netty:1.65.1 (1 constraints: 3f054d3b)
io.grpc:grpc-netty-shaded:1.65.1 (1 constraints: 1f100ba6)
io.grpc:grpc-protobuf:1.65.1 (2 constraints: 5d15c9d7)
io.grpc:grpc-protobuf-lite:1.65.1 (2 constraints: 291aca4d)
io.grpc:grpc-rls:1.65.1 (1 constraints: 1f100ba6)
io.grpc:grpc-services:1.65.1 (1 constraints: 1f100ba6)
io.grpc:grpc-stub:1.65.1 (2 constraints: 5d15c9d7)
io.grpc:grpc-util:1.65.1 (2 constraints: ec1876f9)
io.grpc:grpc-xds:1.65.1 (1 constraints: 1f100ba6)
io.netty:netty-buffer:4.1.111.Final (10 constraints: 289b3836)
io.netty:netty-codec:4.1.111.Final (5 constraints: 1e469988)
io.netty:netty-codec-http:4.1.111.Final (3 constraints: c4245f3e)
io.netty:netty-codec-http2:4.1.111.Final (1 constraints: 0f0b42d5)
io.netty:netty-codec-socks:4.1.111.Final (1 constraints: 3a0f9e7a)
io.netty:netty-common:4.1.111.Final (12 constraints: ecb4455b)
io.netty:netty-handler:4.1.111.Final (3 constraints: e32be3a1)
io.netty:netty-handler-proxy:4.1.111.Final (1 constraints: 0f0b42d5)
io.netty:netty-resolver:4.1.111.Final (2 constraints: a41ae85c)
io.netty:netty-tcnative-boringssl-static:2.0.61.Final (1 constraints: d10fc38e)
io.netty:netty-tcnative-classes:2.0.61.Final (1 constraints: d113ea5d)
io.netty:netty-transport:4.1.111.Final (9 constraints: 4f8d5ab2)
io.netty:netty-transport-classes-epoll:4.1.111.Final (1 constraints: d7128830)
io.netty:netty-transport-native-epoll:4.1.111.Final (1 constraints: 0310df9d)
io.netty:netty-transport-native-unix-common:4.1.111.Final (4 constraints: ec3d7447)
io.opencensus:opencensus-api:0.31.1 (5 constraints: 924d4692)
io.opencensus:opencensus-contrib-http-util:0.31.1 (3 constraints: 7232a9fc)
io.opencensus:opencensus-proto:0.2.0 (1 constraints: e60fd595)
io.opentelemetry:opentelemetry-api:1.40.0 (9 constraints: 36a23843)
io.opentelemetry:opentelemetry-api-incubator:1.40.0-alpha (5 constraints: b670fcef)
io.opentelemetry:opentelemetry-bom:1.40.0 (1 constraints: 3705353b)
io.opentelemetry:opentelemetry-context:1.40.0 (2 constraints: 1f1f08b4)
io.opentelemetry:opentelemetry-exporter-common:1.40.0 (3 constraints: 413dfba8)
io.opentelemetry:opentelemetry-exporter-otlp:1.40.0 (1 constraints: 920fe683)
io.opentelemetry:opentelemetry-exporter-otlp-common:1.40.0 (2 constraints: 4a234b1b)
io.opentelemetry:opentelemetry-exporter-sender-okhttp:1.40.0 (2 constraints: 4a234b1b)
io.opentelemetry:opentelemetry-sdk:1.40.0 (4 constraints: 5956d8bc)
io.opentelemetry:opentelemetry-sdk-common:1.40.0 (6 constraints: 696c1b59)
io.opentelemetry:opentelemetry-sdk-extension-autoconfigure:1.40.0 (1 constraints: 920fe683)
io.opentelemetry:opentelemetry-sdk-extension-autoconfigure-spi:1.40.0 (4 constraints: 13518fcb)
io.opentelemetry:opentelemetry-sdk-logs:1.40.0 (3 constraints: df325ab0)
io.opentelemetry:opentelemetry-sdk-metrics:1.40.0 (3 constraints: df325ab0)
io.opentelemetry:opentelemetry-sdk-trace:1.40.0 (3 constraints: df325ab0)
io.perfmark:perfmark-api:0.27.0 (3 constraints: 22216516)
io.prometheus:prometheus-metrics-exposition-formats:1.1.0 (1 constraints: 0405f335)
io.prometheus:prometheus-metrics-model:1.1.0 (2 constraints: 411b133b)
io.prometheus:simpleclient:0.16.0 (3 constraints: 9d257513)
io.prometheus:simpleclient_common:0.16.0 (1 constraints: 1a1139c0)
io.prometheus:simpleclient_httpserver:0.16.0 (1 constraints: 3905353b)
io.sgr:s2-geometry-library-java:1.0.0 (1 constraints: b0107fb9)
io.swagger.core.v3:swagger-annotations-jakarta:2.2.22 (1 constraints: 3a05373b)
jakarta.activation:jakarta.activation-api:1.2.2 (1 constraints: 8e0f4791)
jakarta.annotation:jakarta.annotation-api:2.1.1 (4 constraints: c94095a4)
jakarta.inject:jakarta.inject-api:2.0.1 (5 constraints: 1d49b79e)
jakarta.validation:jakarta.validation-api:3.0.2 (1 constraints: fe10bbc3)
jakarta.ws.rs:jakarta.ws.rs-api:3.1.0 (6 constraints: 7365f954)
jakarta.xml.bind:jakarta.xml.bind-api:2.3.3 (3 constraints: 882a5cbd)
javax.measure:unit-api:1.0 (5 constraints: 8e3e2cc5)
joda-time:joda-time:2.8.1 (3 constraints: d61aef93)
junit:junit:4.13.2 (7 constraints: 136d2cb8)
net.arnx:jsonic:1.2.7 (1 constraints: d00b47eb)
net.java.dev.jna:jna:5.12.1 (1 constraints: 900c8e0e)
net.sf.ehcache:ehcache-core:2.6.2 (1 constraints: 2706f94d)
net.sf.jopt-simple:jopt-simple:5.0.4 (1 constraints: be0ad6cc)
net.sourceforge.argparse4j:argparse4j:0.9.0 (1 constraints: 0b050636)
net.thisptr:jackson-jq:0.0.13 (1 constraints: 3605223b)
org.antlr:antlr4-runtime:4.11.1 (1 constraints: f70fbd96)
org.apache.calcite:calcite-core:1.37.0 (1 constraints: 3d05463b)
org.apache.calcite:calcite-linq4j:1.37.0 (2 constraints: cf12444c)
org.apache.calcite.avatica:avatica-core:1.25.0 (3 constraints: 0121ddcc)
org.apache.calcite.avatica:avatica-metrics:1.25.0 (1 constraints: 9b104fc4)
org.apache.commons:commons-collections4:4.4 (3 constraints: 2a172a57)
org.apache.commons:commons-compress:1.26.1 (3 constraints: 011cf2d2)
org.apache.commons:commons-configuration2:2.11.0 (1 constraints: 3605323b)
org.apache.commons:commons-csv:1.9.0 (1 constraints: 610cfc01)
org.apache.commons:commons-exec:1.4.0 (2 constraints: 031132cf)
org.apache.commons:commons-lang3:3.14.0 (6 constraints: cb4ea57a)
org.apache.commons:commons-math3:3.6.1 (5 constraints: 57322799)
org.apache.commons:commons-text:1.12.0 (2 constraints: 651f97e5)
org.apache.curator:curator-client:5.7.0 (2 constraints: ec14cea3)
org.apache.curator:curator-framework:5.7.0 (2 constraints: 0914ad75)
org.apache.curator:curator-recipes:5.7.0 (1 constraints: 0e051936)
org.apache.hadoop:hadoop-annotations:3.3.6 (1 constraints: 0e050936)
org.apache.hadoop:hadoop-auth:3.3.6 (1 constraints: 0e050936)
org.apache.hadoop:hadoop-client-api:3.3.6 (3 constraints: 25280861)
org.apache.hadoop:hadoop-client-runtime:3.3.6 (2 constraints: 6f17dc43)
org.apache.hadoop:hadoop-common:3.3.6 (1 constraints: 0e050936)
org.apache.hadoop.thirdparty:hadoop-shaded-guava:1.1.1 (1 constraints: 0505f435)
org.apache.httpcomponents:httpclient:4.5.14 (9 constraints: 62806342)
org.apache.httpcomponents:httpcore:4.4.16 (8 constraints: 256d4617)
org.apache.httpcomponents:httpmime:4.5.14 (3 constraints: eb1bfedc)
org.apache.httpcomponents.client5:httpclient5:5.2.1 (1 constraints: 6b10bdb3)
org.apache.httpcomponents.core5:httpcore5:5.2.3 (3 constraints: 40351d23)
org.apache.httpcomponents.core5:httpcore5-h2:5.2 (1 constraints: dd12c315)
org.apache.james:apache-mime4j-core:0.8.4 (2 constraints: 981a0d67)
org.apache.james:apache-mime4j-dom:0.8.4 (1 constraints: 630cf801)
org.apache.kerby:kerb-core:1.0.1 (5 constraints: 683677dd)
org.apache.kerby:kerb-crypto:1.0.1 (2 constraints: d617fe96)
org.apache.kerby:kerb-util:1.0.1 (3 constraints: 1a1ddb4c)
org.apache.kerby:kerby-asn1:1.0.1 (1 constraints: fd0be9f4)
org.apache.kerby:kerby-config:1.0.1 (4 constraints: 4d3182b9)
org.apache.kerby:kerby-pkix:1.0.1 (1 constraints: 710bfce4)
org.apache.kerby:kerby-util:1.0.1 (2 constraints: 6518bdb6)
org.apache.logging.log4j:log4j-1.2-api:2.21.0 (1 constraints: 3705363b)
org.apache.logging.log4j:log4j-api:2.21.0 (10 constraints: f07d3453)
org.apache.logging.log4j:log4j-core:2.21.0 (5 constraints: 5f510091)
org.apache.logging.log4j:log4j-jul:2.21.0 (1 constraints: 3705363b)
org.apache.logging.log4j:log4j-layout-template-json:2.21.0 (1 constraints: 3705363b)
org.apache.logging.log4j:log4j-slf4j2-impl:2.21.0 (1 constraints: 3705363b)
org.apache.logging.log4j:log4j-web:2.21.0 (1 constraints: 3705363b)
org.apache.lucene:lucene-analysis-common:9.11.1 (10 constraints: aaa06d27)
org.apache.lucene:lucene-analysis-icu:9.11.1 (1 constraints: 3e055d3b)
org.apache.lucene:lucene-analysis-kuromoji:9.11.1 (1 constraints: 3e055d3b)
org.apache.lucene:lucene-analysis-morfologik:9.11.1 (1 constraints: 3e055d3b)
org.apache.lucene:lucene-analysis-nori:9.11.1 (1 constraints: 3e055d3b)
org.apache.lucene:lucene-analysis-opennlp:9.11.1 (1 constraints: 3e055d3b)
org.apache.lucene:lucene-analysis-phonetic:9.11.1 (1 constraints: 3e055d3b)
org.apache.lucene:lucene-analysis-smartcn:9.11.1 (1 constraints: 3e055d3b)
org.apache.lucene:lucene-analysis-stempel:9.11.1 (1 constraints: 3e055d3b)
org.apache.lucene:lucene-backward-codecs:9.11.1 (1 constraints: 3e055d3b)
org.apache.lucene:lucene-classification:9.11.1 (1 constraints: 3e055d3b)
org.apache.lucene:lucene-codecs:9.11.1 (3 constraints: 2c26e99d)
org.apache.lucene:lucene-core:9.11.1 (26 constraints: c194eb01)
org.apache.lucene:lucene-expressions:9.11.1 (1 constraints: 3e055d3b)
org.apache.lucene:lucene-grouping:9.11.1 (2 constraints: 42164308)
org.apache.lucene:lucene-highlighter:9.11.1 (1 constraints: 3e055d3b)
org.apache.lucene:lucene-join:9.11.1 (1 constraints: 3e055d3b)
org.apache.lucene:lucene-memory:9.11.1 (1 constraints: c80f6e93)
org.apache.lucene:lucene-misc:9.11.1 (1 constraints: 3e055d3b)
org.apache.lucene:lucene-queries:9.11.1 (6 constraints: ce52d7fa)
org.apache.lucene:lucene-queryparser:9.11.1 (1 constraints: 3e055d3b)
org.apache.lucene:lucene-sandbox:9.11.1 (1 constraints: fc0f1b97)
org.apache.lucene:lucene-spatial-extras:9.11.1 (1 constraints: 3e055d3b)
org.apache.lucene:lucene-spatial3d:9.11.1 (1 constraints: eb1099ca)
org.apache.lucene:lucene-suggest:9.11.1 (1 constraints: 3e055d3b)
org.apache.lucene:lucene-test-framework:9.11.1 (1 constraints: 3e055d3b)
org.apache.opennlp:opennlp-tools:1.9.4 (2 constraints: fc1dce6d)
org.apache.pdfbox:fontbox:2.0.26 (1 constraints: 180b72d8)
org.apache.pdfbox:jbig2-imageio:3.0.4 (1 constraints: 5e0cef01)
org.apache.pdfbox:jempbox:1.8.16 (1 constraints: 970c910e)
org.apache.pdfbox:pdfbox:2.0.26 (2 constraints: ea1857e7)
org.apache.pdfbox:pdfbox-tools:2.0.26 (1 constraints: 910c790e)
org.apache.pdfbox:preflight:2.0.26 (1 constraints: 910c790e)
org.apache.pdfbox:xmpbox:2.0.26 (2 constraints: ea1857e7)
org.apache.poi:poi:5.2.2 (3 constraints: e623e7de)
org.apache.poi:poi-ooxml:5.2.2 (1 constraints: 600cfd01)
org.apache.poi:poi-ooxml-lite:5.2.2 (1 constraints: cd0a9fcb)
org.apache.poi:poi-scratchpad:5.2.2 (1 constraints: 600cfd01)
org.apache.sis.core:sis-feature:1.2 (1 constraints: 600e0c44)
org.apache.sis.core:sis-metadata:1.2 (5 constraints: e9435488)
org.apache.sis.core:sis-referencing:1.2 (3 constraints: 4829fae1)
org.apache.sis.core:sis-utility:1.2 (4 constraints: 0b35ce5b)
org.apache.sis.storage:sis-netcdf:1.2 (1 constraints: fc0b54e9)
org.apache.sis.storage:sis-storage:1.2 (1 constraints: df0de432)
org.apache.tika:tika-core:1.28.5 (2 constraints: d8118f11)
org.apache.tika:tika-parsers:1.28.5 (1 constraints: 42054a3b)
org.apache.tomcat:annotations-api:6.0.53 (1 constraints: 40054e3b)
org.apache.xmlbeans:xmlbeans:5.0.3 (2 constraints: 72173075)
org.apache.zookeeper:zookeeper:3.9.2 (2 constraints: a013aa5f)
org.apache.zookeeper:zookeeper-jute:3.9.2 (2 constraints: 9d12b123)
org.apiguardian:apiguardian-api:1.1.2 (2 constraints: 601bd5a8)
org.bitbucket.b_c:jose4j:0.9.6 (1 constraints: 11050c36)
org.bouncycastle:bcmail-jdk15on:1.70 (1 constraints: 310c8af5)
org.bouncycastle:bcpkix-jdk15on:1.70 (2 constraints: ce1b11b3)
org.bouncycastle:bcprov-jdk15on:1.70 (4 constraints: 1f34ee12)
org.bouncycastle:bcutil-jdk15on:1.70 (2 constraints: 961ad454)
org.brotli:dec:0.1.2 (1 constraints: 5a0ce101)
org.carrot2:carrot2-core:4.5.1 (1 constraints: 0c050f36)
org.carrot2:morfologik-fsa:2.1.9 (1 constraints: db0d9c36)
org.carrot2:morfologik-polish:2.1.9 (1 constraints: d312541e)
org.carrot2:morfologik-stemming:2.1.9 (2 constraints: d81fb300)
org.ccil.cowan.tagsoup:tagsoup:1.2.1 (1 constraints: 5b0ce801)
org.checkerframework:checker-qual:3.44.0 (5 constraints: 6c46e5ef)
org.codehaus.janino:commons-compiler:3.1.11 (2 constraints: 83195319)
org.codehaus.janino:janino:3.1.11 (1 constraints: 8e0d433a)
org.codehaus.woodstox:stax2-api:4.2.2 (2 constraints: 38155daf)
org.codelibs:jhighlight:1.1.0 (1 constraints: 590ce401)
org.conscrypt:conscrypt-openjdk-uber:2.5.2 (1 constraints: ed0fea95)
org.eclipse.jetty:jetty-alpn-client:10.0.22 (3 constraints: eb2e095f)
org.eclipse.jetty:jetty-alpn-java-client:10.0.22 (2 constraints: 1b1b156e)
org.eclipse.jetty:jetty-alpn-java-server:10.0.22 (1 constraints: 67059040)
org.eclipse.jetty:jetty-alpn-server:10.0.22 (2 constraints: f116a748)
org.eclipse.jetty:jetty-client:10.0.22 (2 constraints: 1b1b156e)
org.eclipse.jetty:jetty-deploy:10.0.22 (1 constraints: 67059040)
org.eclipse.jetty:jetty-http:10.0.22 (6 constraints: 704fa48b)
org.eclipse.jetty:jetty-io:10.0.22 (9 constraints: a97d68de)
org.eclipse.jetty:jetty-jmx:10.0.22 (1 constraints: 67059040)
org.eclipse.jetty:jetty-rewrite:10.0.22 (1 constraints: 67059040)
org.eclipse.jetty:jetty-security:10.0.22 (2 constraints: b813c578)
org.eclipse.jetty:jetty-server:10.0.22 (7 constraints: d86da720)
org.eclipse.jetty:jetty-servlet:10.0.22 (2 constraints: 3213f360)
org.eclipse.jetty:jetty-servlets:10.0.22 (1 constraints: 67059040)
org.eclipse.jetty:jetty-util:10.0.22 (9 constraints: a7817c8b)
org.eclipse.jetty:jetty-webapp:10.0.22 (2 constraints: 40137b61)
org.eclipse.jetty:jetty-xml:10.0.22 (3 constraints: 0b21bdb9)
org.eclipse.jetty.http2:http2-client:10.0.22 (2 constraints: 1b1b156e)
org.eclipse.jetty.http2:http2-common:10.0.22 (3 constraints: d924c560)
org.eclipse.jetty.http2:http2-hpack:10.0.22 (2 constraints: 1e1508e0)
org.eclipse.jetty.http2:http2-http-client-transport:10.0.22 (1 constraints: 67059040)
org.eclipse.jetty.http2:http2-server:10.0.22 (1 constraints: 67059040)
org.eclipse.jetty.toolchain:jetty-servlet-api:4.0.6 (4 constraints: 883053bf)
org.gagravarr:vorbis-java-core:0.8 (1 constraints: 010c57e9)
org.gagravarr:vorbis-java-tika:0.8 (1 constraints: 010c57e9)
org.glassfish.hk2:hk2-api:3.0.5 (2 constraints: 7611bd01)
org.glassfish.hk2:hk2-locator:3.0.5 (1 constraints: 4310d7ad)
org.glassfish.hk2:hk2-utils:3.0.5 (2 constraints: 1f17fa76)
org.glassfish.hk2:osgi-resource-locator:1.0.3 (1 constraints: ef10e7c2)
org.glassfish.hk2.external:aopalliance-repackaged:3.0.5 (2 constraints: 1f17fa76)
org.glassfish.jaxb:jaxb-runtime:2.3.8 (2 constraints: 23175d5b)
org.glassfish.jaxb:txw2:2.3.8 (1 constraints: c20dba35)
org.glassfish.jersey.containers:jersey-container-jetty-http:2.39.1 (1 constraints: 4105533b)
org.glassfish.jersey.core:jersey-client:3.1.5 (1 constraints: 0211c1c3)
org.glassfish.jersey.core:jersey-common:3.1.5 (6 constraints: 306670c3)
org.glassfish.jersey.core:jersey-server:3.1.5 (2 constraints: 451ee640)
org.glassfish.jersey.ext:jersey-entity-filtering:3.1.5 (1 constraints: bf1527d3)
org.glassfish.jersey.inject:jersey-hk2:3.1.5 (1 constraints: 0b050236)
org.glassfish.jersey.media:jersey-media-json-jackson:3.1.5 (1 constraints: 0b050236)
org.hamcrest:hamcrest:2.2 (3 constraints: 7620ce25)
org.hamcrest:hamcrest-core:2.2 (1 constraints: cc05fe3f)
org.immutables:value-annotations:2.10.1 (1 constraints: 3605303b)
org.itadaki:bzip2:0.9.1 (2 constraints: bd0c4b2c)
org.javassist:javassist:3.29.2-GA (1 constraints: 30112ef1)
org.jctools:jctools-core:4.0.5 (1 constraints: 0b050436)
org.jdom:jdom2:2.0.6.1 (1 constraints: be0c371b)
org.jetbrains:annotations:13.0 (1 constraints: df0e795c)
org.jetbrains.kotlin:kotlin-stdlib:1.9.10 (4 constraints: 5c405537)
org.jetbrains.kotlin:kotlin-stdlib-common:1.9.10 (3 constraints: 3a2c8a72)
org.jetbrains.kotlin:kotlin-stdlib-jdk7:1.9.10 (1 constraints: e210ffd2)
org.jetbrains.kotlin:kotlin-stdlib-jdk8:1.9.10 (4 constraints: e23809e7)
org.locationtech.jts:jts-core:1.19.0 (2 constraints: a31de760)
org.locationtech.jts.io:jts-io-common:1.19.0 (1 constraints: 930d513a)
org.locationtech.proj4j:proj4j:1.2.2 (1 constraints: 5d0daf2c)
org.locationtech.spatial4j:spatial4j:0.8 (1 constraints: 59105498)
org.opengis:geoapi:3.0.1 (7 constraints: 1361d046)
org.openjdk.jmh:jmh-core:1.37 (1 constraints: df04fc30)
org.osgi:org.osgi.resource:1.0.0 (1 constraints: e60f2999)
org.osgi:org.osgi.service.serviceloader:1.0.0 (1 constraints: e60f2999)
org.osgi:osgi.annotation:8.1.0 (1 constraints: 0b051636)
org.ow2.asm:asm:9.3 (5 constraints: e339cef2)
org.ow2.asm:asm-analysis:7.2 (1 constraints: e409d9a5)
org.ow2.asm:asm-commons:7.2 (1 constraints: 6b0f7267)
org.ow2.asm:asm-tree:7.2 (2 constraints: 2f14468c)
org.quicktheories:quicktheories:0.26 (1 constraints: dc04f530)
org.reactivestreams:reactive-streams:1.0.4 (4 constraints: 073bf033)
org.semver4j:semver4j:5.3.0 (1 constraints: 0a050d36)
org.slf4j:jcl-over-slf4j:2.0.13 (3 constraints: fa17e8b5)
org.slf4j:jul-to-slf4j:2.0.13 (3 constraints: 54285f5f)
org.slf4j:slf4j-api:2.0.13 (59 constraints: dd11504e)
org.tallison:isoparser:1.9.41.7 (1 constraints: fb0c5528)
org.tallison:jmatio:1.5 (1 constraints: ff0b57e9)
org.tallison:metadata-extractor:2.17.1.0 (1 constraints: f00c3b28)
org.tallison.xmp:xmpcore-shaded:6.1.10 (1 constraints: 300e8d49)
org.threeten:threetenbp:1.6.9 (4 constraints: 2833ea68)
org.tukaani:xz:1.9 (1 constraints: 030c5be9)
org.xerial.snappy:snappy-java:1.1.10.5 (4 constraints: b538b6ff)
software.amazon.awssdk:annotations:2.26.19 (28 constraints: 48a79471)
software.amazon.awssdk:apache-client:2.26.19 (4 constraints: 112adae3)
software.amazon.awssdk:arns:2.26.19 (2 constraints: 231878c1)
software.amazon.awssdk:auth:2.26.19 (5 constraints: 51386041)
software.amazon.awssdk:aws-core:2.26.19 (6 constraints: 044e3321)
software.amazon.awssdk:aws-query-protocol:2.26.19 (3 constraints: 5e2a17de)
software.amazon.awssdk:aws-xml-protocol:2.26.19 (2 constraints: 231878c1)
software.amazon.awssdk:bom:2.26.19 (1 constraints: 7605bc40)
software.amazon.awssdk:checksums:2.26.19 (4 constraints: 903650f6)
software.amazon.awssdk:checksums-spi:2.26.19 (5 constraints: 75453fbd)
software.amazon.awssdk:crt-core:2.26.19 (1 constraints: c60ba1f9)
software.amazon.awssdk:endpoints-spi:2.26.19 (5 constraints: 13415275)
software.amazon.awssdk:http-auth:2.26.19 (5 constraints: ad3ff879)
software.amazon.awssdk:http-auth-aws:2.26.19 (5 constraints: a43f775d)
software.amazon.awssdk:http-auth-spi:2.26.19 (8 constraints: d86cf7dd)
software.amazon.awssdk:http-client-spi:2.26.19 (14 constraints: 11d5adb4)
software.amazon.awssdk:identity-spi:2.26.19 (9 constraints: 0f7d43c5)
software.amazon.awssdk:json-utils:2.26.19 (5 constraints: 833fb03f)
software.amazon.awssdk:metrics-spi:2.26.19 (7 constraints: 44622f16)
software.amazon.awssdk:profiles:2.26.19 (8 constraints: 6f611a4a)
software.amazon.awssdk:protocol-core:2.26.19 (5 constraints: 8f48485b)
software.amazon.awssdk:regions:2.26.19 (7 constraints: 4c50ddb1)
software.amazon.awssdk:retries:2.26.19 (3 constraints: d5284028)
software.amazon.awssdk:retries-spi:2.26.19 (6 constraints: 304feb5b)
software.amazon.awssdk:s3:2.26.19 (4 constraints: e72f16c1)
software.amazon.awssdk:sdk-core:2.26.19 (10 constraints: 92871ded)
software.amazon.awssdk:sts:2.26.19 (2 constraints: d3115915)
software.amazon.awssdk:third-party-jackson-core:2.26.19 (2 constraints: 951b3aa8)
software.amazon.awssdk:utils:2.26.19 (25 constraints: 737511fa)
software.amazon.eventstream:eventstream:1.0.1 (2 constraints: 2e1ae62b)
ua.net.nlp:morfologik-ukrainian-search:4.9.1 (1 constraints: d5126e1e)
xerces:xercesImpl:2.12.2 (1 constraints: 8e0c7d0e)

[Test dependencies]
com.adobe.testing:s3mock:2.17.0 (1 constraints: b012901d)
com.adobe.testing:s3mock-junit4:2.17.0 (1 constraints: 3c05443b)
com.adobe.testing:s3mock-testsupport-common:2.17.0 (1 constraints: 7b0d9839)
com.amazonaws:aws-java-sdk-core:1.12.501 (2 constraints: b01a32b3)
com.amazonaws:aws-java-sdk-kms:1.12.501 (1 constraints: 060dbd37)
com.amazonaws:aws-java-sdk-s3:1.12.501 (1 constraints: 10136f43)
com.amazonaws:jmespath-java:1.12.501 (2 constraints: b01a32b3)
com.fasterxml.jackson.dataformat:jackson-dataformat-xml:2.17.2 (2 constraints: ac195a13)
com.fasterxml.jackson.datatype:jackson-datatype-jdk8:2.17.2 (3 constraints: fe2ed2b4)
com.fasterxml.jackson.datatype:jackson-datatype-jsr310:2.17.2 (4 constraints: 6f485c36)
com.fasterxml.jackson.module:jackson-module-kotlin:2.17.2 (2 constraints: ab1d9860)
com.fasterxml.jackson.module:jackson-module-parameter-names:2.17.2 (2 constraints: 0e24bb82)
com.google.cloud:google-cloud-nio:0.127.20 (1 constraints: c90e267b)
com.nimbusds:content-type:2.2 (1 constraints: d80b68eb)
com.nimbusds:lang-tag:1.7 (1 constraints: dc0b6aeb)
com.nimbusds:nimbus-jose-jwt:9.30.2 (1 constraints: 700c4b10)
com.nimbusds:oauth2-oidc-sdk:10.10.1 (1 constraints: 190f9b80)
com.squareup.okhttp3:mockwebserver:4.11.0 (1 constraints: ec0e9471)
io.github.microutils:kotlin-logging:3.0.5 (1 constraints: be0ea162)
io.github.microutils:kotlin-logging-jvm:3.0.5 (1 constraints: 810f8b7c)
io.micrometer:micrometer-core:1.9.12 (1 constraints: fe162919)
io.opentelemetry:opentelemetry-sdk-testing:1.40.0 (1 constraints: 920fe683)
jakarta.servlet:jakarta.servlet-api:4.0.4 (1 constraints: 961568b9)
jakarta.websocket:jakarta.websocket-api:1.1.2 (1 constraints: 92155ab9)
javax.inject:javax.inject:1 (1 constraints: 7a0df617)
net.bytebuddy:byte-buddy:1.14.15 (1 constraints: 760bb5e9)
net.minidev:accessors-smart:2.4.9 (1 constraints: 500a92b8)
net.minidev:json-smart:2.4.10 (1 constraints: 400e9a7c)
no.nav.security:mock-oauth2-server:0.5.10 (1 constraints: 3805333b)
org.apache.hadoop:hadoop-client-minicluster:3.3.6 (1 constraints: 0e050936)
org.apache.hadoop:hadoop-hdfs:3.3.6 (1 constraints: 0e050936)
org.apache.hadoop:hadoop-minikdc:3.3.6 (1 constraints: 0e050936)
org.apache.kerby:kerb-admin:1.0.1 (1 constraints: 840d892f)
org.apache.kerby:kerb-client:1.0.1 (1 constraints: 840d892f)
org.apache.kerby:kerb-common:1.0.1 (2 constraints: a51841ca)
org.apache.kerby:kerb-identity:1.0.1 (1 constraints: 5f0cb602)
org.apache.kerby:kerb-server:1.0.1 (1 constraints: d10b65f2)
org.apache.kerby:kerb-simplekdc:1.0.1 (1 constraints: dc0d7e3e)
org.apache.tomcat.embed:tomcat-embed-el:9.0.76 (1 constraints: d41558cf)
org.bouncycastle:bcpkix-jdk18on:1.77 (1 constraints: e3040431)
org.bouncycastle:bcprov-jdk18on:1.77 (2 constraints: c51a825c)
org.bouncycastle:bcutil-jdk18on:1.77 (1 constraints: 620d2d29)
org.freemarker:freemarker:2.3.32 (1 constraints: f00e9371)
org.hdrhistogram:HdrHistogram:2.1.12 (1 constraints: 520d2029)
org.hsqldb:hsqldb:2.7.2 (1 constraints: 0d050c36)
org.jetbrains.kotlin:kotlin-reflect:1.8.22 (2 constraints: 68241ee3)
org.latencyutils:LatencyUtils:2.0.3 (1 constraints: 210dcd1b)
org.mockito:mockito-core:5.12.0 (2 constraints: 3212891b)
org.mockito:mockito-subclass:5.12.0 (1 constraints: 3a05473b)
org.objenesis:objenesis:3.3 (1 constraints: b20a14bd)
org.springframework:spring-aop:5.3.28 (2 constraints: de1e8f9a)
org.springframework:spring-beans:5.3.28 (4 constraints: b03ac3c9)
org.springframework:spring-context:5.3.28 (2 constraints: 6f1fced2)
org.springframework:spring-core:5.3.28 (8 constraints: 0f7e33c8)
org.springframework:spring-expression:5.3.28 (2 constraints: de1e8f9a)
org.springframework:spring-jcl:5.3.28 (1 constraints: 540ea44f)
org.springframework:spring-web:5.3.28 (3 constraints: 6539c38e)
org.springframework:spring-webmvc:5.3.28 (1 constraints: de14709e)
org.springframework.boot:spring-boot:2.7.13 (4 constraints: 8f56c646)
org.springframework.boot:spring-boot-actuator:2.7.13 (1 constraints: 7419a3b8)
org.springframework.boot:spring-boot-actuator-autoconfigure:2.7.13 (1 constraints: fe162819)
org.springframework.boot:spring-boot-autoconfigure:2.7.13 (2 constraints: e12ccb5d)
org.springframework.boot:spring-boot-starter:2.7.13 (3 constraints: 2a41eac5)
org.springframework.boot:spring-boot-starter-actuator:2.7.13 (2 constraints: 7018b7d0)
org.springframework.boot:spring-boot-starter-jetty:2.7.13 (1 constraints: f30a39d6)
org.springframework.boot:spring-boot-starter-json:2.7.13 (1 constraints: d914679e)
org.springframework.boot:spring-boot-starter-logging:2.7.13 (1 constraints: 6e138c46)
org.springframework.boot:spring-boot-starter-web:2.7.13 (1 constraints: f30a39d6)
org.yaml:snakeyaml:1.30 (1 constraints: 0713d91f)
software.amazon.awssdk:url-connection-client:2.26.19 (2 constraints: 481f08f7)
software.amazon.ion:ion-java:1.0.2 (1 constraints: 720db831)
