# This is a Gradle generated file for dependency locking.
# Manual edits can break the build and are not advised.
# This file is expected to be part of source control.
# To regenerate this file, run: ./gradlew :solr:packaging:dependencies --write-locks
at.yawk.lz4:lz4-java:1.10.2=bomFull
biz.aQute.bnd:biz.aQute.bnd.annotation:7.1.0=bomFullApi
com.carrotsearch:hppc:0.10.0=bomFull,bomFullApi,bomSlim
com.fasterxml.jackson.core:jackson-annotations:2.22=bomFull,bomFullApi,bomSlim
com.fasterxml.jackson.core:jackson-core:2.22.0=bomFull,bomFullApi,bomSlim
com.fasterxml.jackson.core:jackson-databind:2.22.0=bomFull,bomFullApi,bomSlim
com.fasterxml.jackson.dataformat:jackson-dataformat-cbor:2.22.0=bomFull,bomSlim
com.fasterxml.jackson.dataformat:jackson-dataformat-smile:2.22.0=bomFull,bomSlim
com.fasterxml.jackson.dataformat:jackson-dataformat-xml:2.22.0=bomFull,bomFullApi
com.fasterxml.jackson.datatype:jackson-datatype-jsr310:2.22.0=bomFull,bomFullApi
com.fasterxml.jackson.module:jackson-module-jakarta-xmlbind-annotations:2.22.0=bomFull,bomSlim
com.fasterxml.jackson:jackson-bom:2.22.0=bomFull,bomFullApi,bomSlim
com.fasterxml.woodstox:woodstox-core:7.2.1=bomFull,bomFullApi,bomSlim
com.github.ben-manes.caffeine:caffeine:3.2.4=bomFull,bomSlim
com.github.luben:zstd-jni:1.5.6-10=bomFull
com.google.android:annotations:4.1.1.4=bomFull
com.google.api-client:google-api-client:2.7.2=bomFull,bomFullApi
com.google.api.grpc:gapic-google-cloud-storage-v2:2.71.0=bomFull,bomFullApi
com.google.api.grpc:grpc-google-cloud-storage-v2:2.71.0=bomFull,bomFullApi
com.google.api.grpc:proto-google-cloud-storage-v2:2.71.0=bomFull,bomFullApi
com.google.api.grpc:proto-google-common-protos:2.74.0=bomFull,bomFullApi
com.google.api.grpc:proto-google-iam-v1:1.69.0=bomFull,bomFullApi
com.google.api:api-common:2.66.0=bomFull,bomFullApi
com.google.api:gax-grpc:2.83.0=bomFull,bomFullApi
com.google.api:gax-httpjson:2.83.0=bomFull,bomFullApi
com.google.api:gax:2.83.0=bomFull,bomFullApi
com.google.apis:google-api-services-storage:v1-rev20260524-2.0.0=bomFull,bomFullApi
com.google.auth:google-auth-library-credentials:1.50.0=bomFull,bomFullApi
com.google.auth:google-auth-library-oauth2-http:1.50.0=bomFull,bomFullApi
com.google.auto.value:auto-value-annotations:1.11.1=bomFull,bomFullApi
com.google.cloud:google-cloud-bom:0.267.0=bomFull,bomFullApi
com.google.cloud:google-cloud-core-grpc:2.73.0=bomFull,bomFullApi
com.google.cloud:google-cloud-core-http:2.73.0=bomFull,bomFullApi
com.google.cloud:google-cloud-core:2.73.0=bomFull,bomFullApi
com.google.cloud:google-cloud-storage:2.71.0=bomFull,bomFullApi
com.google.code.gson:gson:2.14.0=bomFull,bomFullApi
com.google.errorprone:error_prone_annotations:2.47.0=bomFull,bomFullApi,bomSlim
com.google.guava:failureaccess:1.0.3=bomFull,bomFullApi,bomSlim
com.google.guava:guava:33.6.0-jre=bomFull,bomFullApi,bomSlim
com.google.guava:listenablefuture:9999.0-empty-to-avoid-conflict-with-guava=bomFull,bomFullApi,bomSlim
com.google.http-client:google-http-client-apache-v2:2.2.0=bomFull,bomFullApi
com.google.http-client:google-http-client-appengine:2.2.0=bomFull,bomFullApi
com.google.http-client:google-http-client-gson:2.2.0=bomFull,bomFullApi
com.google.http-client:google-http-client-jackson2:2.2.0=bomFull,bomFullApi
com.google.http-client:google-http-client:2.2.0=bomFull,bomFullApi
com.google.j2objc:j2objc-annotations:3.1=bomFull,bomFullApi,bomSlim
com.google.oauth-client:google-oauth-client:1.39.0=bomFull,bomFullApi
com.google.protobuf:protobuf-java-util:4.35.1=bomFull,bomFullApi
com.google.protobuf:protobuf-java:4.35.1=bomFull,bomFullApi
com.google.re2j:re2j:1.8=bomFull
com.googlecode.json-simple:json-simple:1.1.1=bomFull,bomFullApi
com.ibm.icu:icu4j:78.3=bomFull,bomFullApi
com.j256.simplemagic:simplemagic:1.17=bomFull,bomSlim
com.jayway.jsonpath:json-path:3.0.0=bomFull,bomSlim
com.knuddels:jtokkit:1.1.0=bomFull,bomFullApi
com.lmax:disruptor:4.0.0=bomFull,bomFullApi,bomSlim
com.microsoft.onnxruntime:onnxruntime:1.26.0=bomFull,bomFullApi
com.nvidia.cuvs.lucene:cuvs-lucene:25.12.0=bomFull,bomFullApi
com.nvidia.cuvs:cuvs-java:26.06.0=bomFull,bomFullApi
com.squareup.okhttp3:okhttp-jvm:5.4.0=bomFull,bomFullApi
com.squareup.okhttp3:okhttp:5.4.0=bomFull,bomFullApi
com.squareup.okio:okio-jvm:3.17.0=bomFull,bomFullApi
com.squareup.okio:okio:3.17.0=bomFull,bomFullApi
com.squareup.retrofit2:converter-jackson:2.9.0=bomFull,bomFullApi
com.squareup.retrofit2:retrofit:2.9.0=bomFull,bomFullApi
com.tdunning:t-digest:3.3=bomFull,bomSlim
commons-cli:commons-cli:1.11.0=bomFull,bomSlim
commons-codec:commons-codec:1.22.0=bomFull,bomFullApi,bomSlim
commons-io:commons-io:2.22.0=bomFull,bomFullApi,bomSlim
dev.cel:common:0.13.0=bomFull
dev.cel:protobuf:0.13.0=bomFull
dev.cel:runtime:0.13.0=bomFull
dev.langchain4j:langchain4j-anthropic:1.17.0=bomFull,bomFullApi
dev.langchain4j:langchain4j-bom:1.17.0=bomFull,bomFullApi
dev.langchain4j:langchain4j-cohere:1.17.0-beta27=bomFull,bomFullApi
dev.langchain4j:langchain4j-core:1.17.0=bomFull,bomFullApi
dev.langchain4j:langchain4j-google-ai-gemini:1.17.0=bomFull,bomFullApi
dev.langchain4j:langchain4j-http-client-jdk:1.17.0=bomFull
dev.langchain4j:langchain4j-http-client:1.17.0=bomFull,bomFullApi
dev.langchain4j:langchain4j-hugging-face:1.17.0-beta27=bomFull,bomFullApi
dev.langchain4j:langchain4j-mistral-ai:1.17.0=bomFull,bomFullApi
dev.langchain4j:langchain4j-ollama:1.17.0=bomFull,bomFullApi
dev.langchain4j:langchain4j-open-ai:1.17.0=bomFull,bomFullApi
io.dropwizard.metrics:metrics-core:4.2.39=bomFull,bomSlim
io.github.azagniotov:language-detection:12.5.2=bomFull,bomFullApi
io.grpc:grpc-alts:1.83.1=bomFull,bomFullApi
io.grpc:grpc-api:1.83.1=bomFull,bomFullApi
io.grpc:grpc-auth:1.83.1=bomFull,bomFullApi
io.grpc:grpc-bom:1.83.1=bomFull,bomFullApi
io.grpc:grpc-context:1.83.1=bomFull,bomFullApi
io.grpc:grpc-core:1.83.1=bomFull,bomFullApi
io.grpc:grpc-googleapis:1.83.1=bomFull
io.grpc:grpc-grpclb:1.83.1=bomFull,bomFullApi
io.grpc:grpc-inprocess:1.83.1=bomFull,bomFullApi
io.grpc:grpc-netty-shaded:1.83.1=bomFull,bomFullApi
io.grpc:grpc-protobuf-lite:1.83.1=bomFull
io.grpc:grpc-protobuf:1.83.1=bomFull,bomFullApi
io.grpc:grpc-rls:1.83.1=bomFull
io.grpc:grpc-services:1.83.1=bomFull
io.grpc:grpc-stub:1.83.1=bomFull,bomFullApi
io.grpc:grpc-util:1.83.1=bomFull
io.grpc:grpc-xds:1.83.1=bomFull
io.netty:netty-buffer:4.2.17.Final=bomFull,bomFullApi,bomSlim
io.netty:netty-codec-base:4.2.17.Final=bomFull,bomFullApi,bomSlim
io.netty:netty-common:4.2.17.Final=bomFull,bomFullApi,bomSlim
io.netty:netty-handler:4.2.17.Final=bomFull,bomFullApi,bomSlim
io.netty:netty-resolver:4.2.17.Final=bomFull,bomFullApi,bomSlim
io.netty:netty-tcnative-boringssl-static:2.0.81.Final=bomFull,bomFullApi,bomSlim
io.netty:netty-tcnative-classes:2.0.81.Final=bomFull,bomFullApi,bomSlim
io.netty:netty-transport-classes-epoll:4.2.17.Final=bomFull,bomFullApi,bomSlim
io.netty:netty-transport-native-epoll:4.2.17.Final=bomFull,bomFullApi,bomSlim
io.netty:netty-transport-native-unix-common:4.2.17.Final=bomFull,bomFullApi,bomSlim
io.netty:netty-transport:4.2.17.Final=bomFull,bomFullApi,bomSlim
io.opencensus:opencensus-api:0.31.1=bomFull,bomFullApi
io.opencensus:opencensus-contrib-http-util:0.31.1=bomFull,bomFullApi
io.opentelemetry.contrib:opentelemetry-gcp-resources:1.37.0-alpha=bomFull,bomFullApi
io.opentelemetry.instrumentation:opentelemetry-instrumentation-api-incubator:2.27.0-alpha=bomFull,bomSlim
io.opentelemetry.instrumentation:opentelemetry-instrumentation-api:2.27.0=bomFull,bomSlim
io.opentelemetry.instrumentation:opentelemetry-runtime-telemetry-java17:2.27.0-alpha=bomFull,bomSlim
io.opentelemetry.instrumentation:opentelemetry-runtime-telemetry:2.27.0-alpha=bomFull,bomSlim
io.opentelemetry.semconv:opentelemetry-semconv:1.40.0=bomFull,bomSlim
io.opentelemetry:opentelemetry-api-incubator:1.61.0-alpha=bomFull,bomSlim
io.opentelemetry:opentelemetry-api:1.63.0=bomFull,bomFullApi,bomSlim
io.opentelemetry:opentelemetry-bom:1.63.0=bomFull,bomFullApi
io.opentelemetry:opentelemetry-common:1.63.0=bomFull,bomFullApi,bomSlim
io.opentelemetry:opentelemetry-context:1.63.0=bomFull,bomFullApi,bomSlim
io.opentelemetry:opentelemetry-exporter-common:1.63.0=bomFull
io.opentelemetry:opentelemetry-exporter-otlp-common:1.63.0=bomFull
io.opentelemetry:opentelemetry-exporter-otlp:1.63.0=bomFull,bomFullApi
io.opentelemetry:opentelemetry-exporter-prometheus:1.63.0-alpha=bomFull,bomSlim
io.opentelemetry:opentelemetry-exporter-sender-jdk:1.63.0=bomFull,bomFullApi
io.opentelemetry:opentelemetry-sdk-common:1.63.0=bomFull,bomFullApi,bomSlim
io.opentelemetry:opentelemetry-sdk-extension-autoconfigure-spi:1.63.0=bomFull,bomFullApi
io.opentelemetry:opentelemetry-sdk-extension-autoconfigure:1.63.0=bomFull,bomFullApi
io.opentelemetry:opentelemetry-sdk-logs:1.63.0=bomFull,bomFullApi
io.opentelemetry:opentelemetry-sdk-metrics:1.63.0=bomFull,bomFullApi,bomSlim
io.opentelemetry:opentelemetry-sdk-trace:1.63.0=bomFull,bomFullApi,bomSlim
io.opentelemetry:opentelemetry-sdk:1.63.0=bomFull,bomFullApi,bomSlim
io.perfmark:perfmark-api:0.27.0=bomFull
io.prometheus:prometheus-metrics-config:1.8.0=bomFull,bomSlim
io.prometheus:prometheus-metrics-exposition-formats:1.8.0=bomFull,bomSlim
io.prometheus:prometheus-metrics-exposition-textformats:1.8.0=bomFull,bomSlim
io.prometheus:prometheus-metrics-model:1.8.0=bomFull,bomSlim
io.sgr:s2-geometry-library-java:1.0.0=bomFull,bomSlim
io.swagger.core.v3:swagger-annotations-jakarta:2.2.52=bomFull,bomSlim
jakarta.activation:jakarta.activation-api:2.1.3=bomFull,bomSlim
jakarta.annotation:jakarta.annotation-api:3.0.0=bomFull,bomSlim
jakarta.inject:jakarta.inject-api:2.0.1=bomFull,bomSlim
jakarta.servlet:jakarta.servlet-api:6.1.0=bomFull,bomFullApi,bomSlim
jakarta.validation:jakarta.validation-api:3.1.0=bomFull,bomSlim
jakarta.ws.rs:jakarta.ws.rs-api:4.0.0=bomFull,bomSlim
jakarta.xml.bind:jakarta.xml.bind-api:4.0.2=bomFull,bomSlim
org.antlr:antlr4-runtime:4.13.2=bomFull,bomSlim
org.apache.calcite.avatica:avatica-core:1.28.0=bomFull,bomFullApi
org.apache.calcite.avatica:avatica-metrics:1.28.0=bomFull,bomFullApi
org.apache.calcite:calcite-core:1.42.0=bomFull,bomFullApi
org.apache.calcite:calcite-linq4j:1.42.0=bomFull,bomFullApi
org.apache.commons:commons-exec:1.6.0=bomFull,bomSlim
org.apache.commons:commons-lang3:3.20.0=bomFull,bomSlim
org.apache.commons:commons-math3:3.6.1=bomFull,bomSlim
org.apache.commons:commons-text:1.15.0=bomFull
org.apache.curator:curator-client:5.9.0=bomFull,bomSlim
org.apache.curator:curator-framework:5.9.0=bomFull,bomSlim
org.apache.httpcomponents.client5:httpclient5:5.5=bomFull
org.apache.httpcomponents.core5:httpcore5-h2:5.3.4=bomFull
org.apache.httpcomponents.core5:httpcore5:5.3.5=bomFull
org.apache.httpcomponents:httpclient:4.5.14=bomFull,bomFullApi
org.apache.httpcomponents:httpcore:4.4.16=bomFull,bomFullApi
org.apache.kafka:kafka-clients:4.3.1=bomFull,bomFullApi
org.apache.logging.log4j:log4j-1.2-api:2.26.1=bomFull,bomSlim
org.apache.logging.log4j:log4j-api:2.26.1=bomFull,bomFullApi,bomSlim
org.apache.logging.log4j:log4j-core:2.26.1=bomFull,bomFullApi,bomSlim
org.apache.logging.log4j:log4j-layout-template-json:2.26.1=bomFull,bomSlim
org.apache.logging.log4j:log4j-slf4j2-impl:2.26.1=bomFull,bomFullApi,bomSlim
org.apache.logging.log4j:log4j-web:2.26.1=bomFull,bomSlim
org.apache.lucene:lucene-analysis-common:10.4.0=bomFull,bomFullApi,bomSlim
org.apache.lucene:lucene-analysis-icu:10.4.0=bomFull,bomFullApi
org.apache.lucene:lucene-analysis-kuromoji:10.4.0=bomFull,bomSlim
org.apache.lucene:lucene-analysis-morfologik:10.4.0=bomFull,bomFullApi
org.apache.lucene:lucene-analysis-nori:10.4.0=bomFull,bomSlim
org.apache.lucene:lucene-analysis-opennlp:10.4.0=bomFull,bomFullApi
org.apache.lucene:lucene-analysis-phonetic:10.4.0=bomFull,bomSlim
org.apache.lucene:lucene-analysis-smartcn:10.4.0=bomFull,bomFullApi
org.apache.lucene:lucene-analysis-stempel:10.4.0=bomFull,bomFullApi
org.apache.lucene:lucene-backward-codecs:10.4.0=bomFull,bomFullApi,bomSlim
org.apache.lucene:lucene-classification:10.4.0=bomFull,bomSlim
org.apache.lucene:lucene-codecs:10.4.0=bomFull,bomSlim
org.apache.lucene:lucene-core:10.4.0=bomFull,bomFullApi,bomSlim
org.apache.lucene:lucene-expressions:10.4.0=bomFull,bomSlim
org.apache.lucene:lucene-facet:10.4.0=bomFull,bomSlim
org.apache.lucene:lucene-grouping:10.4.0=bomFull,bomSlim
org.apache.lucene:lucene-highlighter:10.4.0=bomFull,bomSlim
org.apache.lucene:lucene-join:10.4.0=bomFull,bomSlim
org.apache.lucene:lucene-memory:10.4.0=bomFull,bomSlim
org.apache.lucene:lucene-misc:10.4.0=bomFull,bomSlim
org.apache.lucene:lucene-queries:10.4.0=bomFull,bomSlim
org.apache.lucene:lucene-queryparser:10.4.0=bomFull,bomSlim
org.apache.lucene:lucene-sandbox:10.4.0=bomFull,bomSlim
org.apache.lucene:lucene-spatial-extras:10.4.0=bomFull,bomSlim
org.apache.lucene:lucene-spatial3d:10.4.0=bomFull,bomSlim
org.apache.lucene:lucene-suggest:10.4.0=bomFull,bomSlim
org.apache.opennlp:opennlp-dl:2.5.10=bomFull,bomFullApi
org.apache.opennlp:opennlp-tools:2.5.10=bomFull,bomFullApi
org.apache.tika:tika-core:3.3.1=bomFull,bomFullApi
org.apache.zookeeper:zookeeper-jute:3.9.5=bomFull,bomFullApi,bomSlim
org.apache.zookeeper:zookeeper:3.9.5=bomFull,bomFullApi,bomSlim
org.apiguardian:apiguardian-api:1.1.2=bomFull,bomFullApi
org.bitbucket.b_c:jose4j:0.9.6=bomFull,bomFullApi
org.carrot2:carrot2-core:4.8.6=bomFull,bomFullApi
org.carrot2:morfologik-fsa:2.1.9=bomFull,bomFullApi
org.carrot2:morfologik-polish:2.1.9=bomFull
org.carrot2:morfologik-stemming:2.1.9=bomFull,bomFullApi
org.checkerframework:checker-qual:4.2.0=bomFull,bomFullApi
org.codehaus.janino:commons-compiler:3.1.12=bomFull
org.codehaus.janino:janino:3.1.12=bomFull
org.codehaus.woodstox:stax2-api:4.3.0=bomFull,bomFullApi,bomSlim
org.conscrypt:conscrypt-openjdk-uber:2.6.0=bomFull,bomFullApi
org.eclipse.jetty.compression:jetty-compression-common:12.1.10=bomFull,bomFullApi,bomSlim
org.eclipse.jetty.compression:jetty-compression-gzip:12.1.10=bomFull,bomFullApi,bomSlim
org.eclipse.jetty.ee10:jetty-ee10-servlet:12.1.10=bomFull,bomFullApi,bomSlim
org.eclipse.jetty.ee10:jetty-ee10-servlets:12.1.10=bomFull,bomSlim
org.eclipse.jetty.ee10:jetty-ee10-webapp:12.1.10=bomFull,bomSlim
org.eclipse.jetty.ee:jetty-ee-webapp:12.1.10=bomFull,bomSlim
org.eclipse.jetty.http2:jetty-http2-client-transport:12.1.10=bomFull,bomSlim
org.eclipse.jetty.http2:jetty-http2-client:12.1.10=bomFull,bomSlim
org.eclipse.jetty.http2:jetty-http2-common:12.1.10=bomFull,bomSlim
org.eclipse.jetty.http2:jetty-http2-hpack:12.1.10=bomFull,bomSlim
org.eclipse.jetty.http2:jetty-http2-server:12.1.10=bomFull,bomSlim
org.eclipse.jetty:jetty-alpn-client:12.1.10=bomFull,bomFullApi,bomSlim
org.eclipse.jetty:jetty-alpn-java-client:12.1.10=bomFull,bomSlim
org.eclipse.jetty:jetty-alpn-java-server:12.1.10=bomFull,bomSlim
org.eclipse.jetty:jetty-alpn-server:12.1.10=bomFull,bomSlim
org.eclipse.jetty:jetty-client:12.1.10=bomFull,bomFullApi,bomSlim
org.eclipse.jetty:jetty-deploy:12.1.10=bomFull,bomSlim
org.eclipse.jetty:jetty-http:12.1.10=bomFull,bomFullApi,bomSlim
org.eclipse.jetty:jetty-io:12.1.10=bomFull,bomFullApi,bomSlim
org.eclipse.jetty:jetty-jmx:12.1.10=bomFull,bomSlim
org.eclipse.jetty:jetty-rewrite:12.1.10=bomFull,bomSlim
org.eclipse.jetty:jetty-security:12.1.10=bomFull,bomFullApi,bomSlim
org.eclipse.jetty:jetty-server:12.1.10=bomFull,bomFullApi,bomSlim
org.eclipse.jetty:jetty-session:12.1.10=bomFull,bomFullApi,bomSlim
org.eclipse.jetty:jetty-start:12.1.10=bomFull,bomSlim
org.eclipse.jetty:jetty-util:12.1.10=bomFull,bomFullApi,bomSlim
org.eclipse.jetty:jetty-xml:12.1.10=bomFull,bomSlim
org.glassfish.hk2.external:aopalliance-repackaged:4.0.1=bomFull,bomSlim
org.glassfish.hk2:hk2-api:4.0.1=bomFull,bomSlim
org.glassfish.hk2:hk2-locator:4.0.1=bomFull,bomSlim
org.glassfish.hk2:hk2-utils:4.0.1=bomFull,bomSlim
org.glassfish.hk2:osgi-resource-locator:3.0.0=bomFull,bomSlim
org.glassfish.jersey.containers:jersey-container-jetty-http:4.0.2=bomFull,bomSlim
org.glassfish.jersey.core:jersey-client:4.0.2=bomFull,bomSlim
org.glassfish.jersey.core:jersey-common:4.0.2=bomFull,bomSlim
org.glassfish.jersey.core:jersey-server:4.0.2=bomFull,bomSlim
org.glassfish.jersey.ext:jersey-entity-filtering:4.0.2=bomFull,bomSlim
org.glassfish.jersey.inject:jersey-hk2:4.0.2=bomFull,bomSlim
org.glassfish.jersey.media:jersey-media-json-jackson:4.0.2=bomFull,bomSlim
org.glassfish.jersey:jersey-bom:4.0.2=bomFull,bomSlim
org.javassist:javassist:3.30.2-GA=bomFull,bomSlim
org.jetbrains.kotlin:kotlin-stdlib:2.2.21=bomFull,bomFullApi
org.jetbrains:annotations:26.1.0=bomFull,bomFullApi
org.jooq:joou-java-6:0.9.4=bomFull,bomFullApi
org.jspecify:jspecify:1.0.0=bomFull,bomFullApi,bomSlim
org.locationtech.jts.io:jts-io-common:1.19.0=bomFull,bomFullApi
org.locationtech.jts:jts-core:1.19.0=bomFull,bomFullApi
org.locationtech.proj4j:proj4j:1.2.2=bomFull,bomFullApi
org.locationtech.spatial4j:spatial4j:0.8=bomFull,bomSlim
org.osgi:org.osgi.annotation.bundle:2.0.0=bomFullApi
org.osgi:org.osgi.annotation.versioning:1.1.2=bomFullApi
org.osgi:org.osgi.resource:1.0.0=bomFullApi
org.osgi:org.osgi.service.serviceloader:1.0.0=bomFullApi
org.ow2.asm:asm-commons:9.10.1=bomFull,bomSlim
org.ow2.asm:asm-tree:9.10.1=bomFull,bomSlim
org.ow2.asm:asm:9.10.1=bomFull,bomSlim
org.reactivestreams:reactive-streams:1.0.4=bomFull,bomFullApi
org.semver4j:semver4j:6.0.0=bomFull,bomSlim
org.slf4j:jcl-over-slf4j:2.0.18=bomFull,bomSlim
org.slf4j:jul-to-slf4j:2.0.18=bomFull,bomSlim
org.slf4j:slf4j-api:2.0.18=bomFull,bomFullApi,bomSlim
org.threeten:threeten-extra:1.8.0=bomFull
org.threeten:threetenbp:1.7.3=bomFull,bomFullApi
org.xerial.snappy:snappy-java:1.1.10.8=bomFull,bomSlim
software.amazon.awssdk:annotations:2.42.37=bomFull,bomFullApi
software.amazon.awssdk:apache-client:2.42.37=bomFull,bomFullApi
software.amazon.awssdk:arns:2.42.37=bomFull,bomFullApi
software.amazon.awssdk:auth:2.42.37=bomFull,bomFullApi
software.amazon.awssdk:aws-core:2.42.37=bomFull,bomFullApi
software.amazon.awssdk:aws-query-protocol:2.42.37=bomFull,bomFullApi
software.amazon.awssdk:aws-xml-protocol:2.42.37=bomFull,bomFullApi
software.amazon.awssdk:bom:2.42.37=bomFull,bomFullApi
software.amazon.awssdk:checksums-spi:2.42.37=bomFull,bomFullApi
software.amazon.awssdk:checksums:2.42.37=bomFull,bomFullApi
software.amazon.awssdk:crt-core:2.42.37=bomFull,bomFullApi
software.amazon.awssdk:endpoints-spi:2.42.37=bomFull,bomFullApi
software.amazon.awssdk:http-auth-aws-eventstream:2.42.37=bomFull,bomFullApi
software.amazon.awssdk:http-auth-aws:2.42.37=bomFull,bomFullApi
software.amazon.awssdk:http-auth-spi:2.42.37=bomFull,bomFullApi
software.amazon.awssdk:http-auth:2.42.37=bomFull,bomFullApi
software.amazon.awssdk:http-client-spi:2.42.37=bomFull,bomFullApi
software.amazon.awssdk:identity-spi:2.42.37=bomFull,bomFullApi
software.amazon.awssdk:json-utils:2.42.37=bomFull,bomFullApi
software.amazon.awssdk:metrics-spi:2.42.37=bomFull,bomFullApi
software.amazon.awssdk:profiles:2.42.37=bomFull,bomFullApi
software.amazon.awssdk:protocol-core:2.42.37=bomFull,bomFullApi
software.amazon.awssdk:regions:2.42.37=bomFull,bomFullApi
software.amazon.awssdk:retries-spi:2.42.37=bomFull,bomFullApi
software.amazon.awssdk:retries:2.42.37=bomFull,bomFullApi
software.amazon.awssdk:s3:2.42.37=bomFull,bomFullApi
software.amazon.awssdk:sdk-core:2.42.37=bomFull,bomFullApi
software.amazon.awssdk:sts:2.42.37=bomFull,bomFullApi
software.amazon.awssdk:third-party-jackson-core:2.42.37=bomFull,bomFullApi
software.amazon.awssdk:utils-lite:2.42.37=bomFull,bomFullApi
software.amazon.awssdk:utils:2.42.37=bomFull,bomFullApi
software.amazon.eventstream:eventstream:1.0.1=bomFull,bomFullApi
ua.net.nlp:morfologik-ukrainian-search:4.9.1=bomFull
empty=crossDcManager,docker,docs,example,jarValidation,jsClientSbom,modules,server,solrFullTgz,solrFullTgzSignature,solrSlimTgz,solrSlimTgzSignature,uiSbom
